// !$*UTF8*$!
{
	archiveVersion = 1;
	classes = {
	};
	objectVersion = 56;
	objects = {

/* Begin PBXBuildFile section */
		510589FB2C9C5C5F00CA612F /* DateTipeSlider+Circles.swift in Sources */ = {isa = PBXBuildFile; fileRef = 510589FA2C9C5C5F00CA612F /* DateTipeSlider+Circles.swift */; };
		510589FD2C9C5DA700CA612F /* EventsList+toolbar.swift in Sources */ = {isa = PBXBuildFile; fileRef = 510589FC2C9C5DA700CA612F /* EventsList+toolbar.swift */; };
		510589FF2C9C5E1400CA612F /* EventsList+swipeButtons.swift in Sources */ = {isa = PBXBuildFile; fileRef = 510589FE2C9C5E1400CA612F /* EventsList+swipeButtons.swift */; };
		51058A012C9C5F1A00CA612F /* DateInfoView.swift in Sources */ = {isa = PBXBuildFile; fileRef = 51058A002C9C5F1A00CA612F /* DateInfoView.swift */; };
		51058A032C9C608D00CA612F /* DayCounterWithShortInfoView.swift in Sources */ = {isa = PBXBuildFile; fileRef = 51058A022C9C608D00CA612F /* DayCounterWithShortInfoView.swift */; };
		51058A052C9C64D200CA612F /* ButtonSpacerType.swift in Sources */ = {isa = PBXBuildFile; fileRef = 51058A042C9C64D200CA612F /* ButtonSpacerType.swift */; };
		510E6B972C9AF38400B0430C /* EventInfoScreenViewModel.swift in Sources */ = {isa = PBXBuildFile; fileRef = 510E6B962C9AF38400B0430C /* EventInfoScreenViewModel.swift */; };
		510E6B992C9B1E8A00B0430C /* EventsItemViewModel.swift in Sources */ = {isa = PBXBuildFile; fileRef = 510E6B982C9B1E8A00B0430C /* EventsItemViewModel.swift */; };
		5128E0B82CAACD9100F68CA2 /* RealmSwift in Frameworks */ = {isa = PBXBuildFile; productRef = 5128E0B72CAACD9100F68CA2 /* RealmSwift */; };
		5128E0BB2CAAD76400F68CA2 /* TimeStateDeterminer.swift in Sources */ = {isa = PBXBuildFile; fileRef = 5128E0BA2CAAD76400F68CA2 /* TimeStateDeterminer.swift */; };
		5128E0BD2CAAD7A100F68CA2 /* DateLocalization.swift in Sources */ = {isa = PBXBuildFile; fileRef = 5128E0BC2CAAD7A100F68CA2 /* DateLocalization.swift */; };
		5128E0BF2CAAD7DB00F68CA2 /* DateDifferenceCalculator.swift in Sources */ = {isa = PBXBuildFile; fileRef = 5128E0BE2CAAD7DB00F68CA2 /* DateDifferenceCalculator.swift */; };
		5128E0C02CAADB7100F68CA2 /* TimeStateDeterminer.swift in Sources */ = {isa = PBXBuildFile; fileRef = 5128E0BA2CAAD76400F68CA2 /* TimeStateDeterminer.swift */; };
		5128E0C12CAADB7400F68CA2 /* DateLocalization.swift in Sources */ = {isa = PBXBuildFile; fileRef = 5128E0BC2CAAD7A100F68CA2 /* DateLocalization.swift */; };
		5128E0C22CAADB7700F68CA2 /* DateDifferenceCalculator.swift in Sources */ = {isa = PBXBuildFile; fileRef = 5128E0BE2CAAD7DB00F68CA2 /* DateDifferenceCalculator.swift */; };
		513522BC2CA2D57A00FA685D /* OverlayRectangle.swift in Sources */ = {isa = PBXBuildFile; fileRef = 513522BB2CA2D57A00FA685D /* OverlayRectangle.swift */; };
		515617C62CAD97F60024C5EC /* SetEvent.intentdefinition in Sources */ = {isa = PBXBuildFile; fileRef = 515617C52CAD97F60024C5EC /* SetEvent.intentdefinition */; };
		515617CE2CAD98740024C5EC /* Intents.framework in Frameworks */ = {isa = PBXBuildFile; fileRef = 515617CD2CAD98740024C5EC /* Intents.framework */; };
		515617D12CAD98740024C5EC /* IntentHandler.swift in Sources */ = {isa = PBXBuildFile; fileRef = 515617D02CAD98740024C5EC /* IntentHandler.swift */; };
		515617D52CAD98740024C5EC /* SetEventItent.appex in Embed Foundation Extensions */ = {isa = PBXBuildFile; fileRef = 515617CC2CAD98740024C5EC /* SetEventItent.appex */; settings = {ATTRIBUTES = (RemoveHeadersOnCopy, ); }; };
		515617D92CAD98930024C5EC /* SetEvent.intentdefinition in Sources */ = {isa = PBXBuildFile; fileRef = 515617C52CAD97F60024C5EC /* SetEvent.intentdefinition */; };
		515617DA2CAD98940024C5EC /* SetEvent.intentdefinition in Sources */ = {isa = PBXBuildFile; fileRef = 515617C52CAD97F60024C5EC /* SetEvent.intentdefinition */; };
		515617DB2CADBDC50024C5EC /* IntentHandler.swift in Sources */ = {isa = PBXBuildFile; fileRef = 515617D02CAD98740024C5EC /* IntentHandler.swift */; };
		515617DD2CADC2A30024C5EC /* EventForTransfer.swift in Sources */ = {isa = PBXBuildFile; fileRef = 51BD46232C9D839B00D7515F /* EventForTransfer.swift */; };
		515617DF2CADC57E0024C5EC /* IntentHandler.swift in Sources */ = {isa = PBXBuildFile; fileRef = 515617D02CAD98740024C5EC /* IntentHandler.swift */; };
		516659F92C90324C00468301 /* DateType.swift in Sources */ = {isa = PBXBuildFile; fileRef = 516659F82C90324C00468301 /* DateType.swift */; };
		51665A002C9051BF00468301 /* Color+colorType.swift in Sources */ = {isa = PBXBuildFile; fileRef = 516659FF2C9051BF00468301 /* Color+colorType.swift */; };
		51665A022C905E2700468301 /* ColorType.swift in Sources */ = {isa = PBXBuildFile; fileRef = 51665A012C905E2700468301 /* ColorType.swift */; };
		5168A3142CAEAAD600E42A7E /* EmptyWidgetView.swift in Sources */ = {isa = PBXBuildFile; fileRef = 5168A3132CAEAAD600E42A7E /* EmptyWidgetView.swift */; };
		5168A3152CAEC73800E42A7E /* Color+colorType.swift in Sources */ = {isa = PBXBuildFile; fileRef = 516659FF2C9051BF00468301 /* Color+colorType.swift */; };
		5168A3162CAEC8BD00E42A7E /* ColorType.swift in Sources */ = {isa = PBXBuildFile; fileRef = 51665A012C905E2700468301 /* ColorType.swift */; };
		5168A3172CAECBAD00E42A7E /* EventForTransfer.swift in Sources */ = {isa = PBXBuildFile; fileRef = 51BD46232C9D839B00D7515F /* EventForTransfer.swift */; };
		5168A3192CAED20900E42A7E /* String+Localized.swift in Sources */ = {isa = PBXBuildFile; fileRef = 5170CC5B2C92B15200A9380B /* String+Localized.swift */; };
		5168A31A2CAED21100E42A7E /* DateType.swift in Sources */ = {isa = PBXBuildFile; fileRef = 516659F82C90324C00468301 /* DateType.swift */; };
		5168A31C2CAEDE5A00E42A7E /* String+CapitalizedFirst.swift in Sources */ = {isa = PBXBuildFile; fileRef = 5168A31B2CAEDE5A00E42A7E /* String+CapitalizedFirst.swift */; };
		5168A31D2CAEDE5A00E42A7E /* String+CapitalizedFirst.swift in Sources */ = {isa = PBXBuildFile; fileRef = 5168A31B2CAEDE5A00E42A7E /* String+CapitalizedFirst.swift */; };
		5168C42B2C898095002CEAAC /* DateTypeSlider.swift in Sources */ = {isa = PBXBuildFile; fileRef = 5168C42A2C898095002CEAAC /* DateTypeSlider.swift */; };
		516CBE432C87247000202B93 /* DaytoDaysApp.swift in Sources */ = {isa = PBXBuildFile; fileRef = 516CBE422C87247000202B93 /* DaytoDaysApp.swift */; };
		516CBE452C87247000202B93 /* MainScreen.swift in Sources */ = {isa = PBXBuildFile; fileRef = 516CBE442C87247000202B93 /* MainScreen.swift */; };
		516CBE472C87247100202B93 /* Assets.xcassets in Resources */ = {isa = PBXBuildFile; fileRef = 516CBE462C87247100202B93 /* Assets.xcassets */; };
		516CBE4A2C87247100202B93 /* Preview Assets.xcassets in Resources */ = {isa = PBXBuildFile; fileRef = 516CBE492C87247100202B93 /* Preview Assets.xcassets */; };
		516CBE542C87296400202B93 /* Event.swift in Sources */ = {isa = PBXBuildFile; fileRef = 516CBE532C87296400202B93 /* Event.swift */; };
		516CBE592C87339F00202B93 /* MainScreenViewModel.swift in Sources */ = {isa = PBXBuildFile; fileRef = 516CBE582C87339F00202B93 /* MainScreenViewModel.swift */; };
		516CBE5D2C87403600202B93 /* EventsItemView.swift in Sources */ = {isa = PBXBuildFile; fileRef = 516CBE5C2C87403600202B93 /* EventsItemView.swift */; };
		516DD8042CAFCF96006C534C /* MainScreen+addNewButton.swift in Sources */ = {isa = PBXBuildFile; fileRef = 516DD8032CAFCF96006C534C /* MainScreen+addNewButton.swift */; };
		516DE0A42C9FF46300E83E1D /* DateType.swift in Sources */ = {isa = PBXBuildFile; fileRef = 516659F82C90324C00468301 /* DateType.swift */; };
		516DE0A72CA0035E00E83E1D /* TimeStateType.swift in Sources */ = {isa = PBXBuildFile; fileRef = 5170CC5F2C92E67600A9380B /* TimeStateType.swift */; };
		516DE0A82CA022E400E83E1D /* Constraints.swift in Sources */ = {isa = PBXBuildFile; fileRef = 519FF10B2C8D9F46002FA63A /* Constraints.swift */; };
		516DE0A92CA028FD00E83E1D /* ColorType.swift in Sources */ = {isa = PBXBuildFile; fileRef = 51665A012C905E2700468301 /* ColorType.swift */; };
		516F0C9C2C8D98920095A646 /* EventsListIsEmpyView.swift in Sources */ = {isa = PBXBuildFile; fileRef = 516F0C9B2C8D98920095A646 /* EventsListIsEmpyView.swift */; };
		516F0C9E2C8D9AF00095A646 /* EventsList.swift in Sources */ = {isa = PBXBuildFile; fileRef = 516F0C9D2C8D9AF00095A646 /* EventsList.swift */; };
		5170CC592C92ADE600A9380B /* Localizable.strings in Resources */ = {isa = PBXBuildFile; fileRef = 5170CC572C92ADE600A9380B /* Localizable.strings */; };
		5170CC5C2C92B15200A9380B /* String+Localized.swift in Sources */ = {isa = PBXBuildFile; fileRef = 5170CC5B2C92B15200A9380B /* String+Localized.swift */; };
		5170CC5E2C92CD8800A9380B /* HelpContextMenu.swift in Sources */ = {isa = PBXBuildFile; fileRef = 5170CC5D2C92CD8800A9380B /* HelpContextMenu.swift */; };
		5170CC602C92E67600A9380B /* TimeStateType.swift in Sources */ = {isa = PBXBuildFile; fileRef = 5170CC5F2C92E67600A9380B /* TimeStateType.swift */; };
		517122412CA59F850037974D /* ClearableTextField.swift in Sources */ = {isa = PBXBuildFile; fileRef = 517122402CA59F850037974D /* ClearableTextField.swift */; };
		517282962C90CCCE00D09AC4 /* RealmSwift in Frameworks */ = {isa = PBXBuildFile; productRef = 517282952C90CCCE00D09AC4 /* RealmSwift */; };
		5175173D2CB19ACE000D04C4 /* TimeDataReturnType.swift in Sources */ = {isa = PBXBuildFile; fileRef = 5175173C2CB19ACE000D04C4 /* TimeDataReturnType.swift */; };
		5175173E2CB19CAF000D04C4 /* TimeDataReturnType.swift in Sources */ = {isa = PBXBuildFile; fileRef = 5175173C2CB19ACE000D04C4 /* TimeDataReturnType.swift */; };
		517517412CB19F36000D04C4 /* Constants.swift in Sources */ = {isa = PBXBuildFile; fileRef = 517517402CB19F36000D04C4 /* Constants.swift */; };
		517517422CB19F36000D04C4 /* Constants.swift in Sources */ = {isa = PBXBuildFile; fileRef = 517517402CB19F36000D04C4 /* Constants.swift */; };
		517517432CB19F36000D04C4 /* Constants.swift in Sources */ = {isa = PBXBuildFile; fileRef = 517517402CB19F36000D04C4 /* Constants.swift */; };
		5177245E2C9D5C880037143A /* WidgetKit.framework in Frameworks */ = {isa = PBXBuildFile; fileRef = 5177245D2C9D5C880037143A /* WidgetKit.framework */; };
		517724602C9D5C880037143A /* SwiftUI.framework in Frameworks */ = {isa = PBXBuildFile; fileRef = 5177245F2C9D5C880037143A /* SwiftUI.framework */; };
		517724632C9D5C880037143A /* CounterWidgetBundle.swift in Sources */ = {isa = PBXBuildFile; fileRef = 517724622C9D5C880037143A /* CounterWidgetBundle.swift */; };
		517724672C9D5C880037143A /* CounterWidget.swift in Sources */ = {isa = PBXBuildFile; fileRef = 517724662C9D5C880037143A /* CounterWidget.swift */; };
		5177246B2C9D5C8A0037143A /* Assets.xcassets in Resources */ = {isa = PBXBuildFile; fileRef = 5177246A2C9D5C8A0037143A /* Assets.xcassets */; };
		5177246F2C9D5C8A0037143A /* CounterWidgetExtension.appex in Embed Foundation Extensions */ = {isa = PBXBuildFile; fileRef = 5177245B2C9D5C880037143A /* CounterWidgetExtension.appex */; settings = {ATTRIBUTES = (RemoveHeadersOnCopy, ); }; };
		51781F042C9C593F008E213A /* EventInfoScreen+toolbarItems.swift in Sources */ = {isa = PBXBuildFile; fileRef = 51781F032C9C593F008E213A /* EventInfoScreen+toolbarItems.swift */; };
		5178F4972C8AE74800DF45D4 /* Publishers+KeyboardIsActive.swift in Sources */ = {isa = PBXBuildFile; fileRef = 5178F4962C8AE74800DF45D4 /* Publishers+KeyboardIsActive.swift */; };
		5178F49A2C8AF85800DF45D4 /* EventInfoScreen.swift in Sources */ = {isa = PBXBuildFile; fileRef = 5178F4992C8AF85800DF45D4 /* EventInfoScreen.swift */; };
		5178F49C2C8B3F4300DF45D4 /* Color+Invert.swift in Sources */ = {isa = PBXBuildFile; fileRef = 5178F49B2C8B3F4300DF45D4 /* Color+Invert.swift */; };
		5179F2702C8E16B10027B0F1 /* ColorPickerPopover.swift in Sources */ = {isa = PBXBuildFile; fileRef = 5179F26F2C8E16B10027B0F1 /* ColorPickerPopover.swift */; };
		517DF9502C997C250007D924 /* AddOrEditEventSheetViewModel.swift in Sources */ = {isa = PBXBuildFile; fileRef = 517DF94F2C997C250007D924 /* AddOrEditEventSheetViewModel.swift */; };
		517DF9522C997CAE0007D924 /* ScreenModeType.swift in Sources */ = {isa = PBXBuildFile; fileRef = 517DF9512C997CAE0007D924 /* ScreenModeType.swift */; };
		5182890F2C883CC000676F0E /* AddOrEditEventSheet.swift in Sources */ = {isa = PBXBuildFile; fileRef = 5182890E2C883CC000676F0E /* AddOrEditEventSheet.swift */; };
		518289112C8849AB00676F0E /* View+HideKeyboard.swift in Sources */ = {isa = PBXBuildFile; fileRef = 518289102C8849AB00676F0E /* View+HideKeyboard.swift */; };
		519195012C8CA6AA00F29C1B /* NewAlert.swift in Sources */ = {isa = PBXBuildFile; fileRef = 519195002C8CA6AA00F29C1B /* NewAlert.swift */; };
		519FF10A2C8D9E84002FA63A /* AddEventButton.swift in Sources */ = {isa = PBXBuildFile; fileRef = 519FF1092C8D9E84002FA63A /* AddEventButton.swift */; };
		519FF10C2C8D9F46002FA63A /* Constraints.swift in Sources */ = {isa = PBXBuildFile; fileRef = 519FF10B2C8D9F46002FA63A /* Constraints.swift */; };
		519FF10E2C8DA4A4002FA63A /* AddEventFields.swift in Sources */ = {isa = PBXBuildFile; fileRef = 519FF10D2C8DA4A4002FA63A /* AddEventFields.swift */; };
		51BD461C2C9D6D1600D7515F /* Localizable.strings in Resources */ = {isa = PBXBuildFile; fileRef = 5170CC572C92ADE600A9380B /* Localizable.strings */; };
		51BD461D2C9D6D2500D7515F /* String+Localized.swift in Sources */ = {isa = PBXBuildFile; fileRef = 5170CC5B2C92B15200A9380B /* String+Localized.swift */; };
		51BD46212C9D7A2D00D7515F /* WidgetManager.swift in Sources */ = {isa = PBXBuildFile; fileRef = 51BD46202C9D7A2D00D7515F /* WidgetManager.swift */; };
		51BD462A2C9D948C00D7515F /* MainWidgetView.swift in Sources */ = {isa = PBXBuildFile; fileRef = 51BD46262C9D908B00D7515F /* MainWidgetView.swift */; };
		51BD462F2C9DA10F00D7515F /* WidgetViewModel.swift in Sources */ = {isa = PBXBuildFile; fileRef = 51BD462D2C9D95C100D7515F /* WidgetViewModel.swift */; };
		51C623672CAAB0CE00CF58B4 /* DateCalculator.swift in Sources */ = {isa = PBXBuildFile; fileRef = 516CBE562C872FAA00202B93 /* DateCalculator.swift */; };
		51C623682CAAB14C00CF58B4 /* EventForTransfer.swift in Sources */ = {isa = PBXBuildFile; fileRef = 51BD46232C9D839B00D7515F /* EventForTransfer.swift */; };
		51C6236A2CAAB2D300CF58B4 /* DateCalculator.swift in Sources */ = {isa = PBXBuildFile; fileRef = 516CBE562C872FAA00202B93 /* DateCalculator.swift */; };
		51F9117F2C95D2CA00C625DC /* SortType.swift in Sources */ = {isa = PBXBuildFile; fileRef = 51F9117E2C95D2CA00C625DC /* SortType.swift */; };
/* End PBXBuildFile section */

/* Begin PBXContainerItemProxy section */
		515617D32CAD98740024C5EC /* PBXContainerItemProxy */ = {
			isa = PBXContainerItemProxy;
			containerPortal = 516CBE372C87247000202B93 /* Project object */;
			proxyType = 1;
			remoteGlobalIDString = 515617CB2CAD98740024C5EC;
			remoteInfo = SetEventItent;
		};
		5177246D2C9D5C8A0037143A /* PBXContainerItemProxy */ = {
			isa = PBXContainerItemProxy;
			containerPortal = 516CBE372C87247000202B93 /* Project object */;
			proxyType = 1;
			remoteGlobalIDString = 5177245A2C9D5C880037143A;
			remoteInfo = CounterWidgetExtension;
		};
/* End PBXContainerItemProxy section */

/* Begin PBXCopyFilesBuildPhase section */
		517724702C9D5C8A0037143A /* Embed Foundation Extensions */ = {
			isa = PBXCopyFilesBuildPhase;
			buildActionMask = 2147483647;
			dstPath = "";
			dstSubfolderSpec = 13;
			files = (
				5177246F2C9D5C8A0037143A /* CounterWidgetExtension.appex in Embed Foundation Extensions */,
				515617D52CAD98740024C5EC /* SetEventItent.appex in Embed Foundation Extensions */,
			);
			name = "Embed Foundation Extensions";
			runOnlyForDeploymentPostprocessing = 0;
		};
/* End PBXCopyFilesBuildPhase section */

/* Begin PBXFileReference section */
		510589FA2C9C5C5F00CA612F /* DateTipeSlider+Circles.swift */ = {isa = PBXFileReference; lastKnownFileType = sourcecode.swift; path = "DateTipeSlider+Circles.swift"; sourceTree = "<group>"; };
		510589FC2C9C5DA700CA612F /* EventsList+toolbar.swift */ = {isa = PBXFileReference; lastKnownFileType = sourcecode.swift; path = "EventsList+toolbar.swift"; sourceTree = "<group>"; };
		510589FE2C9C5E1400CA612F /* EventsList+swipeButtons.swift */ = {isa = PBXFileReference; lastKnownFileType = sourcecode.swift; path = "EventsList+swipeButtons.swift"; sourceTree = "<group>"; };
		51058A002C9C5F1A00CA612F /* DateInfoView.swift */ = {isa = PBXFileReference; lastKnownFileType = sourcecode.swift; path = DateInfoView.swift; sourceTree = "<group>"; };
		51058A022C9C608D00CA612F /* DayCounterWithShortInfoView.swift */ = {isa = PBXFileReference; lastKnownFileType = sourcecode.swift; path = DayCounterWithShortInfoView.swift; sourceTree = "<group>"; };
		51058A042C9C64D200CA612F /* ButtonSpacerType.swift */ = {isa = PBXFileReference; lastKnownFileType = sourcecode.swift; path = ButtonSpacerType.swift; sourceTree = "<group>"; };
		510E6B962C9AF38400B0430C /* EventInfoScreenViewModel.swift */ = {isa = PBXFileReference; lastKnownFileType = sourcecode.swift; path = EventInfoScreenViewModel.swift; sourceTree = "<group>"; };
		510E6B982C9B1E8A00B0430C /* EventsItemViewModel.swift */ = {isa = PBXFileReference; lastKnownFileType = sourcecode.swift; path = EventsItemViewModel.swift; sourceTree = "<group>"; };
		5128E0BA2CAAD76400F68CA2 /* TimeStateDeterminer.swift */ = {isa = PBXFileReference; lastKnownFileType = sourcecode.swift; path = TimeStateDeterminer.swift; sourceTree = "<group>"; };
		5128E0BC2CAAD7A100F68CA2 /* DateLocalization.swift */ = {isa = PBXFileReference; lastKnownFileType = sourcecode.swift; path = DateLocalization.swift; sourceTree = "<group>"; };
		5128E0BE2CAAD7DB00F68CA2 /* DateDifferenceCalculator.swift */ = {isa = PBXFileReference; lastKnownFileType = sourcecode.swift; path = DateDifferenceCalculator.swift; sourceTree = "<group>"; };
		513522BB2CA2D57A00FA685D /* OverlayRectangle.swift */ = {isa = PBXFileReference; lastKnownFileType = sourcecode.swift; path = OverlayRectangle.swift; sourceTree = "<group>"; };
		515617C52CAD97F60024C5EC /* SetEvent.intentdefinition */ = {isa = PBXFileReference; lastKnownFileType = file.intentdefinition; path = SetEvent.intentdefinition; sourceTree = "<group>"; };
		515617C72CAD98440024C5EC /* Day-to-Days-Info.plist */ = {isa = PBXFileReference; lastKnownFileType = text.plist; path = "Day-to-Days-Info.plist"; sourceTree = SOURCE_ROOT; };
		515617CC2CAD98740024C5EC /* SetEventItent.appex */ = {isa = PBXFileReference; explicitFileType = "wrapper.app-extension"; includeInIndex = 0; path = SetEventItent.appex; sourceTree = BUILT_PRODUCTS_DIR; };
		515617CD2CAD98740024C5EC /* Intents.framework */ = {isa = PBXFileReference; lastKnownFileType = wrapper.framework; name = Intents.framework; path = System/Library/Frameworks/Intents.framework; sourceTree = SDKROOT; };
		515617D02CAD98740024C5EC /* IntentHandler.swift */ = {isa = PBXFileReference; lastKnownFileType = sourcecode.swift; path = IntentHandler.swift; sourceTree = "<group>"; };
		515617D22CAD98740024C5EC /* Info.plist */ = {isa = PBXFileReference; lastKnownFileType = text.plist.xml; path = Info.plist; sourceTree = "<group>"; };
		516659F82C90324C00468301 /* DateType.swift */ = {isa = PBXFileReference; lastKnownFileType = sourcecode.swift; path = DateType.swift; sourceTree = "<group>"; };
		516659FF2C9051BF00468301 /* Color+colorType.swift */ = {isa = PBXFileReference; lastKnownFileType = sourcecode.swift; path = "Color+colorType.swift"; sourceTree = "<group>"; };
		51665A012C905E2700468301 /* ColorType.swift */ = {isa = PBXFileReference; lastKnownFileType = sourcecode.swift; path = ColorType.swift; sourceTree = "<group>"; };
		5168A30F2CAE844400E42A7E /* SetEventItent.entitlements */ = {isa = PBXFileReference; lastKnownFileType = text.plist.entitlements; path = SetEventItent.entitlements; sourceTree = "<group>"; };
		5168A3132CAEAAD600E42A7E /* EmptyWidgetView.swift */ = {isa = PBXFileReference; lastKnownFileType = sourcecode.swift; path = EmptyWidgetView.swift; sourceTree = "<group>"; };
		5168A31B2CAEDE5A00E42A7E /* String+CapitalizedFirst.swift */ = {isa = PBXFileReference; lastKnownFileType = sourcecode.swift; path = "String+CapitalizedFirst.swift"; sourceTree = "<group>"; };
		5168C42A2C898095002CEAAC /* DateTypeSlider.swift */ = {isa = PBXFileReference; lastKnownFileType = sourcecode.swift; path = DateTypeSlider.swift; sourceTree = "<group>"; };
		516CBE3F2C87247000202B93 /* Day to Days.app */ = {isa = PBXFileReference; explicitFileType = wrapper.application; includeInIndex = 0; path = "Day to Days.app"; sourceTree = BUILT_PRODUCTS_DIR; };
		516CBE422C87247000202B93 /* DaytoDaysApp.swift */ = {isa = PBXFileReference; lastKnownFileType = sourcecode.swift; path = DaytoDaysApp.swift; sourceTree = "<group>"; };
		516CBE442C87247000202B93 /* MainScreen.swift */ = {isa = PBXFileReference; lastKnownFileType = sourcecode.swift; path = MainScreen.swift; sourceTree = "<group>"; };
		516CBE462C87247100202B93 /* Assets.xcassets */ = {isa = PBXFileReference; lastKnownFileType = folder.assetcatalog; path = Assets.xcassets; sourceTree = "<group>"; };
		516CBE492C87247100202B93 /* Preview Assets.xcassets */ = {isa = PBXFileReference; lastKnownFileType = folder.assetcatalog; path = "Preview Assets.xcassets"; sourceTree = "<group>"; };
		516CBE532C87296400202B93 /* Event.swift */ = {isa = PBXFileReference; lastKnownFileType = sourcecode.swift; path = Event.swift; sourceTree = "<group>"; };
		516CBE562C872FAA00202B93 /* DateCalculator.swift */ = {isa = PBXFileReference; lastKnownFileType = sourcecode.swift; path = DateCalculator.swift; sourceTree = "<group>"; };
		516CBE582C87339F00202B93 /* MainScreenViewModel.swift */ = {isa = PBXFileReference; lastKnownFileType = sourcecode.swift; path = MainScreenViewModel.swift; sourceTree = "<group>"; };
		516CBE5C2C87403600202B93 /* EventsItemView.swift */ = {isa = PBXFileReference; lastKnownFileType = sourcecode.swift; path = EventsItemView.swift; sourceTree = "<group>"; };
		516DD8032CAFCF96006C534C /* MainScreen+addNewButton.swift */ = {isa = PBXFileReference; lastKnownFileType = sourcecode.swift; path = "MainScreen+addNewButton.swift"; sourceTree = "<group>"; };
		516F0C9B2C8D98920095A646 /* EventsListIsEmpyView.swift */ = {isa = PBXFileReference; lastKnownFileType = sourcecode.swift; path = EventsListIsEmpyView.swift; sourceTree = "<group>"; };
		516F0C9D2C8D9AF00095A646 /* EventsList.swift */ = {isa = PBXFileReference; lastKnownFileType = sourcecode.swift; path = EventsList.swift; sourceTree = "<group>"; };
		5170CC582C92ADE600A9380B /* en */ = {isa = PBXFileReference; lastKnownFileType = text.plist.strings; name = en; path = en.lproj/Localizable.strings; sourceTree = "<group>"; };
		5170CC5A2C92AE0C00A9380B /* ru */ = {isa = PBXFileReference; lastKnownFileType = text.plist.strings; name = ru; path = ru.lproj/Localizable.strings; sourceTree = "<group>"; };
		5170CC5B2C92B15200A9380B /* String+Localized.swift */ = {isa = PBXFileReference; lastKnownFileType = sourcecode.swift; path = "String+Localized.swift"; sourceTree = "<group>"; };
		5170CC5D2C92CD8800A9380B /* HelpContextMenu.swift */ = {isa = PBXFileReference; lastKnownFileType = sourcecode.swift; path = HelpContextMenu.swift; sourceTree = "<group>"; };
		5170CC5F2C92E67600A9380B /* TimeStateType.swift */ = {isa = PBXFileReference; lastKnownFileType = sourcecode.swift; path = TimeStateType.swift; sourceTree = "<group>"; };
		517122402CA59F850037974D /* ClearableTextField.swift */ = {isa = PBXFileReference; lastKnownFileType = sourcecode.swift; path = ClearableTextField.swift; sourceTree = "<group>"; };
		5175173C2CB19ACE000D04C4 /* TimeDataReturnType.swift */ = {isa = PBXFileReference; lastKnownFileType = sourcecode.swift; path = TimeDataReturnType.swift; sourceTree = "<group>"; };
		517517402CB19F36000D04C4 /* Constants.swift */ = {isa = PBXFileReference; lastKnownFileType = sourcecode.swift; path = Constants.swift; sourceTree = "<group>"; };
		5177245B2C9D5C880037143A /* CounterWidgetExtension.appex */ = {isa = PBXFileReference; explicitFileType = "wrapper.app-extension"; includeInIndex = 0; path = CounterWidgetExtension.appex; sourceTree = BUILT_PRODUCTS_DIR; };
		5177245D2C9D5C880037143A /* WidgetKit.framework */ = {isa = PBXFileReference; lastKnownFileType = wrapper.framework; name = WidgetKit.framework; path = System/Library/Frameworks/WidgetKit.framework; sourceTree = SDKROOT; };
		5177245F2C9D5C880037143A /* SwiftUI.framework */ = {isa = PBXFileReference; lastKnownFileType = wrapper.framework; name = SwiftUI.framework; path = System/Library/Frameworks/SwiftUI.framework; sourceTree = SDKROOT; };
		517724622C9D5C880037143A /* CounterWidgetBundle.swift */ = {isa = PBXFileReference; lastKnownFileType = sourcecode.swift; path = CounterWidgetBundle.swift; sourceTree = "<group>"; };
		517724662C9D5C880037143A /* CounterWidget.swift */ = {isa = PBXFileReference; lastKnownFileType = sourcecode.swift; path = CounterWidget.swift; sourceTree = "<group>"; };
		5177246A2C9D5C8A0037143A /* Assets.xcassets */ = {isa = PBXFileReference; lastKnownFileType = folder.assetcatalog; path = Assets.xcassets; sourceTree = "<group>"; };
		5177246C2C9D5C8A0037143A /* Info.plist */ = {isa = PBXFileReference; lastKnownFileType = text.plist.xml; path = Info.plist; sourceTree = "<group>"; };
		51781F032C9C593F008E213A /* EventInfoScreen+toolbarItems.swift */ = {isa = PBXFileReference; lastKnownFileType = sourcecode.swift; path = "EventInfoScreen+toolbarItems.swift"; sourceTree = "<group>"; };
		5178F4962C8AE74800DF45D4 /* Publishers+KeyboardIsActive.swift */ = {isa = PBXFileReference; lastKnownFileType = sourcecode.swift; path = "Publishers+KeyboardIsActive.swift"; sourceTree = "<group>"; };
		5178F4992C8AF85800DF45D4 /* EventInfoScreen.swift */ = {isa = PBXFileReference; lastKnownFileType = sourcecode.swift; path = EventInfoScreen.swift; sourceTree = "<group>"; };
		5178F49B2C8B3F4300DF45D4 /* Color+Invert.swift */ = {isa = PBXFileReference; lastKnownFileType = sourcecode.swift; path = "Color+Invert.swift"; sourceTree = "<group>"; };
		5179F26F2C8E16B10027B0F1 /* ColorPickerPopover.swift */ = {isa = PBXFileReference; lastKnownFileType = sourcecode.swift; path = ColorPickerPopover.swift; sourceTree = "<group>"; };
		517DF94F2C997C250007D924 /* AddOrEditEventSheetViewModel.swift */ = {isa = PBXFileReference; lastKnownFileType = sourcecode.swift; path = AddOrEditEventSheetViewModel.swift; sourceTree = "<group>"; };
		517DF9512C997CAE0007D924 /* ScreenModeType.swift */ = {isa = PBXFileReference; lastKnownFileType = sourcecode.swift; path = ScreenModeType.swift; sourceTree = "<group>"; };
		5182890E2C883CC000676F0E /* AddOrEditEventSheet.swift */ = {isa = PBXFileReference; lastKnownFileType = sourcecode.swift; path = AddOrEditEventSheet.swift; sourceTree = "<group>"; };
		518289102C8849AB00676F0E /* View+HideKeyboard.swift */ = {isa = PBXFileReference; lastKnownFileType = sourcecode.swift; path = "View+HideKeyboard.swift"; sourceTree = "<group>"; };
		519195002C8CA6AA00F29C1B /* NewAlert.swift */ = {isa = PBXFileReference; lastKnownFileType = sourcecode.swift; path = NewAlert.swift; sourceTree = "<group>"; };
		519FF1092C8D9E84002FA63A /* AddEventButton.swift */ = {isa = PBXFileReference; lastKnownFileType = sourcecode.swift; path = AddEventButton.swift; sourceTree = "<group>"; };
		519FF10B2C8D9F46002FA63A /* Constraints.swift */ = {isa = PBXFileReference; lastKnownFileType = sourcecode.swift; path = Constraints.swift; sourceTree = "<group>"; };
		519FF10D2C8DA4A4002FA63A /* AddEventFields.swift */ = {isa = PBXFileReference; lastKnownFileType = sourcecode.swift; path = AddEventFields.swift; sourceTree = "<group>"; };
		51BD461E2C9D6E9600D7515F /* CounterWidgetExtension.entitlements */ = {isa = PBXFileReference; lastKnownFileType = text.plist.entitlements; path = CounterWidgetExtension.entitlements; sourceTree = "<group>"; };
		51BD461F2C9D6F3600D7515F /* Day to Days.entitlements */ = {isa = PBXFileReference; lastKnownFileType = text.plist.entitlements; path = "Day to Days.entitlements"; sourceTree = "<group>"; };
		51BD46202C9D7A2D00D7515F /* WidgetManager.swift */ = {isa = PBXFileReference; lastKnownFileType = sourcecode.swift; path = WidgetManager.swift; sourceTree = "<group>"; };
		51BD46232C9D839B00D7515F /* EventForTransfer.swift */ = {isa = PBXFileReference; lastKnownFileType = sourcecode.swift; path = EventForTransfer.swift; sourceTree = "<group>"; };
		51BD46262C9D908B00D7515F /* MainWidgetView.swift */ = {isa = PBXFileReference; lastKnownFileType = sourcecode.swift; path = MainWidgetView.swift; sourceTree = "<group>"; };
		51BD462D2C9D95C100D7515F /* WidgetViewModel.swift */ = {isa = PBXFileReference; lastKnownFileType = sourcecode.swift; path = WidgetViewModel.swift; sourceTree = "<group>"; };
		51F9117E2C95D2CA00C625DC /* SortType.swift */ = {isa = PBXFileReference; lastKnownFileType = sourcecode.swift; path = SortType.swift; sourceTree = "<group>"; };
/* End PBXFileReference section */

/* Begin PBXFrameworksBuildPhase section */
		515617C92CAD98740024C5EC /* Frameworks */ = {
			isa = PBXFrameworksBuildPhase;
			buildActionMask = 2147483647;
			files = (
				515617CE2CAD98740024C5EC /* Intents.framework in Frameworks */,
			);
			runOnlyForDeploymentPostprocessing = 0;
		};
		516CBE3C2C87247000202B93 /* Frameworks */ = {
			isa = PBXFrameworksBuildPhase;
			buildActionMask = 2147483647;
			files = (
				5128E0B82CAACD9100F68CA2 /* RealmSwift in Frameworks */,
				517282962C90CCCE00D09AC4 /* RealmSwift in Frameworks */,
			);
			runOnlyForDeploymentPostprocessing = 0;
		};
		517724582C9D5C880037143A /* Frameworks */ = {
			isa = PBXFrameworksBuildPhase;
			buildActionMask = 2147483647;
			files = (
				517724602C9D5C880037143A /* SwiftUI.framework in Frameworks */,
				5177245E2C9D5C880037143A /* WidgetKit.framework in Frameworks */,
			);
			runOnlyForDeploymentPostprocessing = 0;
		};
/* End PBXFrameworksBuildPhase section */

/* Begin PBXGroup section */
		515617CF2CAD98740024C5EC /* SetEventItent */ = {
			isa = PBXGroup;
			children = (
				5168A30F2CAE844400E42A7E /* SetEventItent.entitlements */,
				515617D02CAD98740024C5EC /* IntentHandler.swift */,
				515617D22CAD98740024C5EC /* Info.plist */,
			);
			path = SetEventItent;
			sourceTree = "<group>";
		};
		5168C4292C898037002CEAAC /* AddNewScreen */ = {
			isa = PBXGroup;
			children = (
				5182890E2C883CC000676F0E /* AddOrEditEventSheet.swift */,
				519FF10F2C8DA7D0002FA63A /* AddEventViews */,
				517DF94F2C997C250007D924 /* AddOrEditEventSheetViewModel.swift */,
			);
			path = AddNewScreen;
			sourceTree = "<group>";
		};
		5168C42C2C899024002CEAAC /* MainScreen */ = {
			isa = PBXGroup;
			children = (
				516CBE442C87247000202B93 /* MainScreen.swift */,
				516DD8032CAFCF96006C534C /* MainScreen+addNewButton.swift */,
				516F0C9F2C8D9B710095A646 /* MainScreenViews */,
				516CBE582C87339F00202B93 /* MainScreenViewModel.swift */,
			);
			path = MainScreen;
			sourceTree = "<group>";
		};
		516C39A22C971B9E008EC3B8 /* Extensions */ = {
			isa = PBXGroup;
			children = (
				5170CC5B2C92B15200A9380B /* String+Localized.swift */,
				518289102C8849AB00676F0E /* View+HideKeyboard.swift */,
				5178F49B2C8B3F4300DF45D4 /* Color+Invert.swift */,
				516659FF2C9051BF00468301 /* Color+colorType.swift */,
				5178F4962C8AE74800DF45D4 /* Publishers+KeyboardIsActive.swift */,
				5168A31B2CAEDE5A00E42A7E /* String+CapitalizedFirst.swift */,
			);
			path = Extensions;
			sourceTree = "<group>";
		};
		516CBE362C87247000202B93 = {
			isa = PBXGroup;
			children = (
				51BD461E2C9D6E9600D7515F /* CounterWidgetExtension.entitlements */,
				516CBE412C87247000202B93 /* Day to Days */,
				517724612C9D5C880037143A /* CounterWidget */,
				515617CF2CAD98740024C5EC /* SetEventItent */,
				5177245C2C9D5C880037143A /* Frameworks */,
				516CBE402C87247000202B93 /* Products */,
			);
			sourceTree = "<group>";
		};
		516CBE402C87247000202B93 /* Products */ = {
			isa = PBXGroup;
			children = (
				516CBE3F2C87247000202B93 /* Day to Days.app */,
				5177245B2C9D5C880037143A /* CounterWidgetExtension.appex */,
				515617CC2CAD98740024C5EC /* SetEventItent.appex */,
			);
			name = Products;
			sourceTree = "<group>";
		};
		516CBE412C87247000202B93 /* Day to Days */ = {
			isa = PBXGroup;
			children = (
				515617C72CAD98440024C5EC /* Day-to-Days-Info.plist */,
				51BD461F2C9D6F3600D7515F /* Day to Days.entitlements */,
				516CBE422C87247000202B93 /* DaytoDaysApp.swift */,
				516CBE552C87296E00202B93 /* Models */,
				516CBE5B2C8733E000202B93 /* Screens */,
				5178F4952C8AE70700DF45D4 /* Helpers */,
				516CBE462C87247100202B93 /* Assets.xcassets */,
				516CBE482C87247100202B93 /* Preview Content */,
				5170CC572C92ADE600A9380B /* Localizable.strings */,
			);
			path = "Day to Days";
			sourceTree = "<group>";
		};
		516CBE482C87247100202B93 /* Preview Content */ = {
			isa = PBXGroup;
			children = (
				516CBE492C87247100202B93 /* Preview Assets.xcassets */,
			);
			path = "Preview Content";
			sourceTree = "<group>";
		};
		516CBE552C87296E00202B93 /* Models */ = {
			isa = PBXGroup;
			children = (
				516CBE532C87296400202B93 /* Event.swift */,
				51BD46232C9D839B00D7515F /* EventForTransfer.swift */,
			);
			path = Models;
			sourceTree = "<group>";
		};
		516CBE5A2C8733D500202B93 /* Calculators */ = {
			isa = PBXGroup;
			children = (
				516CBE562C872FAA00202B93 /* DateCalculator.swift */,
				5128E0BA2CAAD76400F68CA2 /* TimeStateDeterminer.swift */,
				5128E0BC2CAAD7A100F68CA2 /* DateLocalization.swift */,
				5128E0BE2CAAD7DB00F68CA2 /* DateDifferenceCalculator.swift */,
			);
			path = Calculators;
			sourceTree = "<group>";
		};
		516CBE5B2C8733E000202B93 /* Screens */ = {
			isa = PBXGroup;
			children = (
				5168C42C2C899024002CEAAC /* MainScreen */,
				5168C4292C898037002CEAAC /* AddNewScreen */,
				5178F4982C8AF80F00DF45D4 /* EventInfoScreen */,
			);
			path = Screens;
			sourceTree = "<group>";
		};
		516DE0AA2CA038A800E83E1D /* View and ViewModel */ = {
			isa = PBXGroup;
			children = (
				51BD46262C9D908B00D7515F /* MainWidgetView.swift */,
				51BD462D2C9D95C100D7515F /* WidgetViewModel.swift */,
				5168A3132CAEAAD600E42A7E /* EmptyWidgetView.swift */,
			);
			path = "View and ViewModel";
			sourceTree = "<group>";
		};
		516F0C9F2C8D9B710095A646 /* MainScreenViews */ = {
			isa = PBXGroup;
			children = (
				516F0C9D2C8D9AF00095A646 /* EventsList.swift */,
				510589FC2C9C5DA700CA612F /* EventsList+toolbar.swift */,
				510589FE2C9C5E1400CA612F /* EventsList+swipeButtons.swift */,
				516CBE5C2C87403600202B93 /* EventsItemView.swift */,
				510E6B982C9B1E8A00B0430C /* EventsItemViewModel.swift */,
				513522BB2CA2D57A00FA685D /* OverlayRectangle.swift */,
				51058A022C9C608D00CA612F /* DayCounterWithShortInfoView.swift */,
				516F0C9B2C8D98920095A646 /* EventsListIsEmpyView.swift */,
			);
			path = MainScreenViews;
			sourceTree = "<group>";
		};
		5177245C2C9D5C880037143A /* Frameworks */ = {
			isa = PBXGroup;
			children = (
				5177245D2C9D5C880037143A /* WidgetKit.framework */,
				5177245F2C9D5C880037143A /* SwiftUI.framework */,
				515617CD2CAD98740024C5EC /* Intents.framework */,
			);
			name = Frameworks;
			sourceTree = "<group>";
		};
		517724612C9D5C880037143A /* CounterWidget */ = {
			isa = PBXGroup;
			children = (
				515617C52CAD97F60024C5EC /* SetEvent.intentdefinition */,
				517724622C9D5C880037143A /* CounterWidgetBundle.swift */,
				517724662C9D5C880037143A /* CounterWidget.swift */,
				516DE0AA2CA038A800E83E1D /* View and ViewModel */,
				5177246A2C9D5C8A0037143A /* Assets.xcassets */,
				5177246C2C9D5C8A0037143A /* Info.plist */,
			);
			path = CounterWidget;
			sourceTree = "<group>";
		};
		5178F4952C8AE70700DF45D4 /* Helpers */ = {
			isa = PBXGroup;
			children = (
				516CBE5A2C8733D500202B93 /* Calculators */,
				519195002C8CA6AA00F29C1B /* NewAlert.swift */,
				5170CC5D2C92CD8800A9380B /* HelpContextMenu.swift */,
				51BD46202C9D7A2D00D7515F /* WidgetManager.swift */,
				516C39A22C971B9E008EC3B8 /* Extensions */,
				51F911802C95D2DD00C625DC /* Enums */,
			);
			path = Helpers;
			sourceTree = "<group>";
		};
		5178F4982C8AF80F00DF45D4 /* EventInfoScreen */ = {
			isa = PBXGroup;
			children = (
				5178F4992C8AF85800DF45D4 /* EventInfoScreen.swift */,
				51781F032C9C593F008E213A /* EventInfoScreen+toolbarItems.swift */,
				51058A002C9C5F1A00CA612F /* DateInfoView.swift */,
				510E6B962C9AF38400B0430C /* EventInfoScreenViewModel.swift */,
			);
			path = EventInfoScreen;
			sourceTree = "<group>";
		};
		519FF10F2C8DA7D0002FA63A /* AddEventViews */ = {
			isa = PBXGroup;
			children = (
				519FF1092C8D9E84002FA63A /* AddEventButton.swift */,
				519FF10D2C8DA4A4002FA63A /* AddEventFields.swift */,
				5179F26F2C8E16B10027B0F1 /* ColorPickerPopover.swift */,
				5168C42A2C898095002CEAAC /* DateTypeSlider.swift */,
				510589FA2C9C5C5F00CA612F /* DateTipeSlider+Circles.swift */,
				517122402CA59F850037974D /* ClearableTextField.swift */,
			);
			path = AddEventViews;
			sourceTree = "<group>";
		};
		51F911802C95D2DD00C625DC /* Enums */ = {
			isa = PBXGroup;
			children = (
				519FF10B2C8D9F46002FA63A /* Constraints.swift */,
				517517402CB19F36000D04C4 /* Constants.swift */,
				516659F82C90324C00468301 /* DateType.swift */,
				51665A012C905E2700468301 /* ColorType.swift */,
				5170CC5F2C92E67600A9380B /* TimeStateType.swift */,
				51F9117E2C95D2CA00C625DC /* SortType.swift */,
				517DF9512C997CAE0007D924 /* ScreenModeType.swift */,
				51058A042C9C64D200CA612F /* ButtonSpacerType.swift */,
				5175173C2CB19ACE000D04C4 /* TimeDataReturnType.swift */,
			);
			path = Enums;
			sourceTree = "<group>";
		};
/* End PBXGroup section */

/* Begin PBXNativeTarget section */
		515617CB2CAD98740024C5EC /* SetEventItent */ = {
			isa = PBXNativeTarget;
			buildConfigurationList = 515617D62CAD98740024C5EC /* Build configuration list for PBXNativeTarget "SetEventItent" */;
			buildPhases = (
				515617C82CAD98740024C5EC /* Sources */,
				515617C92CAD98740024C5EC /* Frameworks */,
				515617CA2CAD98740024C5EC /* Resources */,
			);
			buildRules = (
			);
			dependencies = (
			);
			name = SetEventItent;
			productName = SetEventItent;
			productReference = 515617CC2CAD98740024C5EC /* SetEventItent.appex */;
			productType = "com.apple.product-type.app-extension";
		};
		516CBE3E2C87247000202B93 /* Day to Days */ = {
			isa = PBXNativeTarget;
			buildConfigurationList = 516CBE4D2C87247100202B93 /* Build configuration list for PBXNativeTarget "Day to Days" */;
			buildPhases = (
				516CBE3B2C87247000202B93 /* Sources */,
				516CBE3C2C87247000202B93 /* Frameworks */,
				516CBE3D2C87247000202B93 /* Resources */,
				517724702C9D5C8A0037143A /* Embed Foundation Extensions */,
			);
			buildRules = (
			);
			dependencies = (
				516CBE522C87275900202B93 /* PBXTargetDependency */,
				5177246E2C9D5C8A0037143A /* PBXTargetDependency */,
				515617D42CAD98740024C5EC /* PBXTargetDependency */,
			);
			name = "Day to Days";
			packageProductDependencies = (
				517282952C90CCCE00D09AC4 /* RealmSwift */,
				5128E0B72CAACD9100F68CA2 /* RealmSwift */,
			);
			productName = "Day to Days";
			productReference = 516CBE3F2C87247000202B93 /* Day to Days.app */;
			productType = "com.apple.product-type.application";
		};
		5177245A2C9D5C880037143A /* CounterWidgetExtension */ = {
			isa = PBXNativeTarget;
			buildConfigurationList = 517724732C9D5C8A0037143A /* Build configuration list for PBXNativeTarget "CounterWidgetExtension" */;
			buildPhases = (
				517724572C9D5C880037143A /* Sources */,
				517724582C9D5C880037143A /* Frameworks */,
				517724592C9D5C880037143A /* Resources */,
			);
			buildRules = (
			);
			dependencies = (
			);
			name = CounterWidgetExtension;
			productName = CounterWidgetExtension;
			productReference = 5177245B2C9D5C880037143A /* CounterWidgetExtension.appex */;
			productType = "com.apple.product-type.app-extension";
		};
/* End PBXNativeTarget section */

/* Begin PBXProject section */
		516CBE372C87247000202B93 /* Project object */ = {
			isa = PBXProject;
			attributes = {
				BuildIndependentTargetsInParallel = 1;
				LastSwiftUpdateCheck = 1540;
				LastUpgradeCheck = 1540;
				TargetAttributes = {
					515617CB2CAD98740024C5EC = {
						CreatedOnToolsVersion = 15.4;
					};
					516CBE3E2C87247000202B93 = {
						CreatedOnToolsVersion = 15.4;
					};
					5177245A2C9D5C880037143A = {
						CreatedOnToolsVersion = 15.4;
					};
				};
			};
			buildConfigurationList = 516CBE3A2C87247000202B93 /* Build configuration list for PBXProject "Day to Days" */;
			compatibilityVersion = "Xcode 14.0";
			developmentRegion = en;
			hasScannedForEncodings = 0;
			knownRegions = (
				en,
				Base,
				ru,
			);
			mainGroup = 516CBE362C87247000202B93;
			packageReferences = (
				516CBE502C87254A00202B93 /* XCRemoteSwiftPackageReference "SwiftLintPlugins" */,
				5128E0B62CAACD9100F68CA2 /* XCRemoteSwiftPackageReference "realm-swift" */,
			);
			productRefGroup = 516CBE402C87247000202B93 /* Products */;
			projectDirPath = "";
			projectRoot = "";
			targets = (
				516CBE3E2C87247000202B93 /* Day to Days */,
				5177245A2C9D5C880037143A /* CounterWidgetExtension */,
				515617CB2CAD98740024C5EC /* SetEventItent */,
			);
		};
/* End PBXProject section */

/* Begin PBXResourcesBuildPhase section */
		515617CA2CAD98740024C5EC /* Resources */ = {
			isa = PBXResourcesBuildPhase;
			buildActionMask = 2147483647;
			files = (
			);
			runOnlyForDeploymentPostprocessing = 0;
		};
		516CBE3D2C87247000202B93 /* Resources */ = {
			isa = PBXResourcesBuildPhase;
			buildActionMask = 2147483647;
			files = (
				516CBE4A2C87247100202B93 /* Preview Assets.xcassets in Resources */,
				5170CC592C92ADE600A9380B /* Localizable.strings in Resources */,
				516CBE472C87247100202B93 /* Assets.xcassets in Resources */,
			);
			runOnlyForDeploymentPostprocessing = 0;
		};
		517724592C9D5C880037143A /* Resources */ = {
			isa = PBXResourcesBuildPhase;
			buildActionMask = 2147483647;
			files = (
				5177246B2C9D5C8A0037143A /* Assets.xcassets in Resources */,
				51BD461C2C9D6D1600D7515F /* Localizable.strings in Resources */,
			);
			runOnlyForDeploymentPostprocessing = 0;
		};
/* End PBXResourcesBuildPhase section */

/* Begin PBXSourcesBuildPhase section */
		515617C82CAD98740024C5EC /* Sources */ = {
			isa = PBXSourcesBuildPhase;
			buildActionMask = 2147483647;
			files = (
				515617DA2CAD98940024C5EC /* SetEvent.intentdefinition in Sources */,
				5168A31A2CAED21100E42A7E /* DateType.swift in Sources */,
				5168A3162CAEC8BD00E42A7E /* ColorType.swift in Sources */,
				515617D12CAD98740024C5EC /* IntentHandler.swift in Sources */,
				517517432CB19F36000D04C4 /* Constants.swift in Sources */,
				515617DD2CADC2A30024C5EC /* EventForTransfer.swift in Sources */,
				5168A3192CAED20900E42A7E /* String+Localized.swift in Sources */,
			);
			runOnlyForDeploymentPostprocessing = 0;
		};
		516CBE3B2C87247000202B93 /* Sources */ = {
			isa = PBXSourcesBuildPhase;
			buildActionMask = 2147483647;
			files = (
				517DF9502C997C250007D924 /* AddOrEditEventSheetViewModel.swift in Sources */,
				517122412CA59F850037974D /* ClearableTextField.swift in Sources */,
				51C623682CAAB14C00CF58B4 /* EventForTransfer.swift in Sources */,
				51F9117F2C95D2CA00C625DC /* SortType.swift in Sources */,
				515617DF2CADC57E0024C5EC /* IntentHandler.swift in Sources */,
				51665A002C9051BF00468301 /* Color+colorType.swift in Sources */,
				510E6B992C9B1E8A00B0430C /* EventsItemViewModel.swift in Sources */,
				51C623672CAAB0CE00CF58B4 /* DateCalculator.swift in Sources */,
				513522BC2CA2D57A00FA685D /* OverlayRectangle.swift in Sources */,
				516CBE452C87247000202B93 /* MainScreen.swift in Sources */,
				5170CC5E2C92CD8800A9380B /* HelpContextMenu.swift in Sources */,
				5182890F2C883CC000676F0E /* AddOrEditEventSheet.swift in Sources */,
				516CBE5D2C87403600202B93 /* EventsItemView.swift in Sources */,
				51665A022C905E2700468301 /* ColorType.swift in Sources */,
				5128E0BD2CAAD7A100F68CA2 /* DateLocalization.swift in Sources */,
				519FF10E2C8DA4A4002FA63A /* AddEventFields.swift in Sources */,
				516F0C9C2C8D98920095A646 /* EventsListIsEmpyView.swift in Sources */,
				5168C42B2C898095002CEAAC /* DateTypeSlider.swift in Sources */,
				510589FF2C9C5E1400CA612F /* EventsList+swipeButtons.swift in Sources */,
				518289112C8849AB00676F0E /* View+HideKeyboard.swift in Sources */,
				519FF10A2C8D9E84002FA63A /* AddEventButton.swift in Sources */,
				5128E0BF2CAAD7DB00F68CA2 /* DateDifferenceCalculator.swift in Sources */,
				517DF9522C997CAE0007D924 /* ScreenModeType.swift in Sources */,
				516DD8042CAFCF96006C534C /* MainScreen+addNewButton.swift in Sources */,
				51058A052C9C64D200CA612F /* ButtonSpacerType.swift in Sources */,
				517517412CB19F36000D04C4 /* Constants.swift in Sources */,
				515617C62CAD97F60024C5EC /* SetEvent.intentdefinition in Sources */,
				510E6B972C9AF38400B0430C /* EventInfoScreenViewModel.swift in Sources */,
				51058A032C9C608D00CA612F /* DayCounterWithShortInfoView.swift in Sources */,
				516CBE432C87247000202B93 /* DaytoDaysApp.swift in Sources */,
				5168A31C2CAEDE5A00E42A7E /* String+CapitalizedFirst.swift in Sources */,
				516CBE542C87296400202B93 /* Event.swift in Sources */,
				5128E0BB2CAAD76400F68CA2 /* TimeStateDeterminer.swift in Sources */,
				5178F49C2C8B3F4300DF45D4 /* Color+Invert.swift in Sources */,
				5179F2702C8E16B10027B0F1 /* ColorPickerPopover.swift in Sources */,
				5178F4972C8AE74800DF45D4 /* Publishers+KeyboardIsActive.swift in Sources */,
				5170CC602C92E67600A9380B /* TimeStateType.swift in Sources */,
				51781F042C9C593F008E213A /* EventInfoScreen+toolbarItems.swift in Sources */,
				510589FD2C9C5DA700CA612F /* EventsList+toolbar.swift in Sources */,
				51058A012C9C5F1A00CA612F /* DateInfoView.swift in Sources */,
				51BD46212C9D7A2D00D7515F /* WidgetManager.swift in Sources */,
				516CBE592C87339F00202B93 /* MainScreenViewModel.swift in Sources */,
				516F0C9E2C8D9AF00095A646 /* EventsList.swift in Sources */,
				5170CC5C2C92B15200A9380B /* String+Localized.swift in Sources */,
				510589FB2C9C5C5F00CA612F /* DateTipeSlider+Circles.swift in Sources */,
				519195012C8CA6AA00F29C1B /* NewAlert.swift in Sources */,
				5175173D2CB19ACE000D04C4 /* TimeDataReturnType.swift in Sources */,
				5178F49A2C8AF85800DF45D4 /* EventInfoScreen.swift in Sources */,
				516659F92C90324C00468301 /* DateType.swift in Sources */,
				519FF10C2C8D9F46002FA63A /* Constraints.swift in Sources */,
			);
			runOnlyForDeploymentPostprocessing = 0;
		};
		517724572C9D5C880037143A /* Sources */ = {
			isa = PBXSourcesBuildPhase;
			buildActionMask = 2147483647;
			files = (
				51BD462F2C9DA10F00D7515F /* WidgetViewModel.swift in Sources */,
				517724632C9D5C880037143A /* CounterWidgetBundle.swift in Sources */,
				516DE0A72CA0035E00E83E1D /* TimeStateType.swift in Sources */,
				516DE0A82CA022E400E83E1D /* Constraints.swift in Sources */,
				515617DB2CADBDC50024C5EC /* IntentHandler.swift in Sources */,
				5128E0C02CAADB7100F68CA2 /* TimeStateDeterminer.swift in Sources */,
				5168A3172CAECBAD00E42A7E /* EventForTransfer.swift in Sources */,
				5128E0C12CAADB7400F68CA2 /* DateLocalization.swift in Sources */,
				5128E0C22CAADB7700F68CA2 /* DateDifferenceCalculator.swift in Sources */,
				5168A3152CAEC73800E42A7E /* Color+colorType.swift in Sources */,
				51BD462A2C9D948C00D7515F /* MainWidgetView.swift in Sources */,
				517517422CB19F36000D04C4 /* Constants.swift in Sources */,
				515617D92CAD98930024C5EC /* SetEvent.intentdefinition in Sources */,
				5168A31D2CAEDE5A00E42A7E /* String+CapitalizedFirst.swift in Sources */,
				516DE0A92CA028FD00E83E1D /* ColorType.swift in Sources */,
				5175173E2CB19CAF000D04C4 /* TimeDataReturnType.swift in Sources */,
				517724672C9D5C880037143A /* CounterWidget.swift in Sources */,
				5168A3142CAEAAD600E42A7E /* EmptyWidgetView.swift in Sources */,
				51BD461D2C9D6D2500D7515F /* String+Localized.swift in Sources */,
				516DE0A42C9FF46300E83E1D /* DateType.swift in Sources */,
				51C6236A2CAAB2D300CF58B4 /* DateCalculator.swift in Sources */,
			);
			runOnlyForDeploymentPostprocessing = 0;
		};
/* End PBXSourcesBuildPhase section */

/* Begin PBXTargetDependency section */
		515617D42CAD98740024C5EC /* PBXTargetDependency */ = {
			isa = PBXTargetDependency;
			target = 515617CB2CAD98740024C5EC /* SetEventItent */;
			targetProxy = 515617D32CAD98740024C5EC /* PBXContainerItemProxy */;
		};
		516CBE522C87275900202B93 /* PBXTargetDependency */ = {
			isa = PBXTargetDependency;
			productRef = 516CBE512C87275900202B93 /* SwiftLintBuildToolPlugin */;
		};
		5177246E2C9D5C8A0037143A /* PBXTargetDependency */ = {
			isa = PBXTargetDependency;
			target = 5177245A2C9D5C880037143A /* CounterWidgetExtension */;
			targetProxy = 5177246D2C9D5C8A0037143A /* PBXContainerItemProxy */;
		};
/* End PBXTargetDependency section */

/* Begin PBXVariantGroup section */
		5170CC572C92ADE600A9380B /* Localizable.strings */ = {
			isa = PBXVariantGroup;
			children = (
				5170CC582C92ADE600A9380B /* en */,
				5170CC5A2C92AE0C00A9380B /* ru */,
			);
			name = Localizable.strings;
			sourceTree = "<group>";
		};
/* End PBXVariantGroup section */

/* Begin XCBuildConfiguration section */
		515617D72CAD98740024C5EC /* Debug */ = {
			isa = XCBuildConfiguration;
			buildSettings = {
				CODE_SIGN_ENTITLEMENTS = SetEventItent/SetEventItent.entitlements;
				CODE_SIGN_STYLE = Automatic;
				CURRENT_PROJECT_VERSION = 1;
				DEVELOPMENT_TEAM = WLC984U9MC;
				GENERATE_INFOPLIST_FILE = YES;
				INFOPLIST_FILE = SetEventItent/Info.plist;
				INFOPLIST_KEY_CFBundleDisplayName = SetEventItent;
				INFOPLIST_KEY_NSHumanReadableCopyright = "";
				IPHONEOS_DEPLOYMENT_TARGET = 17.5;
				LD_RUNPATH_SEARCH_PATHS = (
					"$(inherited)",
					"@executable_path/Frameworks",
					"@executable_path/../../Frameworks",
				);
				MARKETING_VERSION = 1.0;
				PRODUCT_BUNDLE_IDENTIFIER = "onlyMe.Day-to-Days.SetEventItent";
				PRODUCT_NAME = "$(TARGET_NAME)";
				SKIP_INSTALL = YES;
				SWIFT_EMIT_LOC_STRINGS = YES;
				SWIFT_VERSION = 5.0;
				TARGETED_DEVICE_FAMILY = "1,2";
			};
			name = Debug;
		};
		515617D82CAD98740024C5EC /* Release */ = {
			isa = XCBuildConfiguration;
			buildSettings = {
				CODE_SIGN_ENTITLEMENTS = SetEventItent/SetEventItent.entitlements;
				CODE_SIGN_STYLE = Automatic;
				CURRENT_PROJECT_VERSION = 1;
				DEVELOPMENT_TEAM = WLC984U9MC;
				GENERATE_INFOPLIST_FILE = YES;
				INFOPLIST_FILE = SetEventItent/Info.plist;
				INFOPLIST_KEY_CFBundleDisplayName = SetEventItent;
				INFOPLIST_KEY_NSHumanReadableCopyright = "";
				IPHONEOS_DEPLOYMENT_TARGET = 17.5;
				LD_RUNPATH_SEARCH_PATHS = (
					"$(inherited)",
					"@executable_path/Frameworks",
					"@executable_path/../../Frameworks",
				);
				MARKETING_VERSION = 1.0;
				PRODUCT_BUNDLE_IDENTIFIER = "onlyMe.Day-to-Days.SetEventItent";
				PRODUCT_NAME = "$(TARGET_NAME)";
				SKIP_INSTALL = YES;
				SWIFT_EMIT_LOC_STRINGS = YES;
				SWIFT_VERSION = 5.0;
				TARGETED_DEVICE_FAMILY = "1,2";
			};
			name = Release;
		};
		516CBE4B2C87247100202B93 /* Debug */ = {
			isa = XCBuildConfiguration;
			buildSettings = {
				ALWAYS_SEARCH_USER_PATHS = NO;
				ASSETCATALOG_COMPILER_GENERATE_SWIFT_ASSET_SYMBOL_EXTENSIONS = YES;
				CLANG_ANALYZER_NONNULL = YES;
				CLANG_ANALYZER_NUMBER_OBJECT_CONVERSION = YES_AGGRESSIVE;
				CLANG_CXX_LANGUAGE_STANDARD = "gnu++20";
				CLANG_ENABLE_MODULES = YES;
				CLANG_ENABLE_OBJC_ARC = YES;
				CLANG_ENABLE_OBJC_WEAK = YES;
				CLANG_WARN_BLOCK_CAPTURE_AUTORELEASING = YES;
				CLANG_WARN_BOOL_CONVERSION = YES;
				CLANG_WARN_COMMA = YES;
				CLANG_WARN_CONSTANT_CONVERSION = YES;
				CLANG_WARN_DEPRECATED_OBJC_IMPLEMENTATIONS = YES;
				CLANG_WARN_DIRECT_OBJC_ISA_USAGE = YES_ERROR;
				CLANG_WARN_DOCUMENTATION_COMMENTS = YES;
				CLANG_WARN_EMPTY_BODY = YES;
				CLANG_WARN_ENUM_CONVERSION = YES;
				CLANG_WARN_INFINITE_RECURSION = YES;
				CLANG_WARN_INT_CONVERSION = YES;
				CLANG_WARN_NON_LITERAL_NULL_CONVERSION = YES;
				CLANG_WARN_OBJC_IMPLICIT_RETAIN_SELF = YES;
				CLANG_WARN_OBJC_LITERAL_CONVERSION = YES;
				CLANG_WARN_OBJC_ROOT_CLASS = YES_ERROR;
				CLANG_WARN_QUOTED_INCLUDE_IN_FRAMEWORK_HEADER = YES;
				CLANG_WARN_RANGE_LOOP_ANALYSIS = YES;
				CLANG_WARN_STRICT_PROTOTYPES = YES;
				CLANG_WARN_SUSPICIOUS_MOVE = YES;
				CLANG_WARN_UNGUARDED_AVAILABILITY = YES_AGGRESSIVE;
				CLANG_WARN_UNREACHABLE_CODE = YES;
				CLANG_WARN__DUPLICATE_METHOD_MATCH = YES;
				COPY_PHASE_STRIP = NO;
				DEBUG_INFORMATION_FORMAT = dwarf;
				ENABLE_STRICT_OBJC_MSGSEND = YES;
				ENABLE_TESTABILITY = YES;
				ENABLE_USER_SCRIPT_SANDBOXING = YES;
				GCC_C_LANGUAGE_STANDARD = gnu17;
				GCC_DYNAMIC_NO_PIC = NO;
				GCC_NO_COMMON_BLOCKS = YES;
				GCC_OPTIMIZATION_LEVEL = 0;
				GCC_PREPROCESSOR_DEFINITIONS = (
					"DEBUG=1",
					"$(inherited)",
				);
				GCC_WARN_64_TO_32_BIT_CONVERSION = YES;
				GCC_WARN_ABOUT_RETURN_TYPE = YES_ERROR;
				GCC_WARN_UNDECLARED_SELECTOR = YES;
				GCC_WARN_UNINITIALIZED_AUTOS = YES_AGGRESSIVE;
				GCC_WARN_UNUSED_FUNCTION = YES;
				GCC_WARN_UNUSED_VARIABLE = YES;
				IPHONEOS_DEPLOYMENT_TARGET = 17.0;
				LOCALIZATION_PREFERS_STRING_CATALOGS = YES;
				MTL_ENABLE_DEBUG_INFO = INCLUDE_SOURCE;
				MTL_FAST_MATH = YES;
				ONLY_ACTIVE_ARCH = YES;
				SDKROOT = iphoneos;
				SWIFT_ACTIVE_COMPILATION_CONDITIONS = "DEBUG $(inherited)";
				SWIFT_OPTIMIZATION_LEVEL = "-Onone";
			};
			name = Debug;
		};
		516CBE4C2C87247100202B93 /* Release */ = {
			isa = XCBuildConfiguration;
			buildSettings = {
				ALWAYS_SEARCH_USER_PATHS = NO;
				ASSETCATALOG_COMPILER_GENERATE_SWIFT_ASSET_SYMBOL_EXTENSIONS = YES;
				CLANG_ANALYZER_NONNULL = YES;
				CLANG_ANALYZER_NUMBER_OBJECT_CONVERSION = YES_AGGRESSIVE;
				CLANG_CXX_LANGUAGE_STANDARD = "gnu++20";
				CLANG_ENABLE_MODULES = YES;
				CLANG_ENABLE_OBJC_ARC = YES;
				CLANG_ENABLE_OBJC_WEAK = YES;
				CLANG_WARN_BLOCK_CAPTURE_AUTORELEASING = YES;
				CLANG_WARN_BOOL_CONVERSION = YES;
				CLANG_WARN_COMMA = YES;
				CLANG_WARN_CONSTANT_CONVERSION = YES;
				CLANG_WARN_DEPRECATED_OBJC_IMPLEMENTATIONS = YES;
				CLANG_WARN_DIRECT_OBJC_ISA_USAGE = YES_ERROR;
				CLANG_WARN_DOCUMENTATION_COMMENTS = YES;
				CLANG_WARN_EMPTY_BODY = YES;
				CLANG_WARN_ENUM_CONVERSION = YES;
				CLANG_WARN_INFINITE_RECURSION = YES;
				CLANG_WARN_INT_CONVERSION = YES;
				CLANG_WARN_NON_LITERAL_NULL_CONVERSION = YES;
				CLANG_WARN_OBJC_IMPLICIT_RETAIN_SELF = YES;
				CLANG_WARN_OBJC_LITERAL_CONVERSION = YES;
				CLANG_WARN_OBJC_ROOT_CLASS = YES_ERROR;
				CLANG_WARN_QUOTED_INCLUDE_IN_FRAMEWORK_HEADER = YES;
				CLANG_WARN_RANGE_LOOP_ANALYSIS = YES;
				CLANG_WARN_STRICT_PROTOTYPES = YES;
				CLANG_WARN_SUSPICIOUS_MOVE = YES;
				CLANG_WARN_UNGUARDED_AVAILABILITY = YES_AGGRESSIVE;
				CLANG_WARN_UNREACHABLE_CODE = YES;
				CLANG_WARN__DUPLICATE_METHOD_MATCH = YES;
				COPY_PHASE_STRIP = NO;
				DEBUG_INFORMATION_FORMAT = "dwarf-with-dsym";
				ENABLE_NS_ASSERTIONS = NO;
				ENABLE_STRICT_OBJC_MSGSEND = YES;
				ENABLE_USER_SCRIPT_SANDBOXING = YES;
				GCC_C_LANGUAGE_STANDARD = gnu17;
				GCC_NO_COMMON_BLOCKS = YES;
				GCC_WARN_64_TO_32_BIT_CONVERSION = YES;
				GCC_WARN_ABOUT_RETURN_TYPE = YES_ERROR;
				GCC_WARN_UNDECLARED_SELECTOR = YES;
				GCC_WARN_UNINITIALIZED_AUTOS = YES_AGGRESSIVE;
				GCC_WARN_UNUSED_FUNCTION = YES;
				GCC_WARN_UNUSED_VARIABLE = YES;
				IPHONEOS_DEPLOYMENT_TARGET = 17.0;
				LOCALIZATION_PREFERS_STRING_CATALOGS = YES;
				MTL_ENABLE_DEBUG_INFO = NO;
				MTL_FAST_MATH = YES;
				SDKROOT = iphoneos;
				SWIFT_COMPILATION_MODE = wholemodule;
				VALIDATE_PRODUCT = YES;
			};
			name = Release;
		};
		516CBE4E2C87247100202B93 /* Debug */ = {
			isa = XCBuildConfiguration;
			buildSettings = {
				ALWAYS_EMBED_SWIFT_STANDARD_LIBRARIES = YES;
				ASSETCATALOG_COMPILER_APPICON_NAME = AppIcon;
				ASSETCATALOG_COMPILER_GLOBAL_ACCENT_COLOR_NAME = AccentColor;
				CODE_SIGN_ENTITLEMENTS = "Day to Days/Day to Days.entitlements";
				CODE_SIGN_STYLE = Automatic;
				CURRENT_PROJECT_VERSION = 1;
				DEVELOPMENT_ASSET_PATHS = "\"Day to Days/Preview Content\"";
				DEVELOPMENT_TEAM = WLC984U9MC;
				ENABLE_PREVIEWS = YES;
				GENERATE_INFOPLIST_FILE = YES;
				INFOPLIST_FILE = "Day-to-Days-Info.plist";
				INFOPLIST_KEY_CFBundleDisplayName = "Days counter";
				INFOPLIST_KEY_LSApplicationCategoryType = "public.app-category.utilities";
				INFOPLIST_KEY_UIApplicationSceneManifest_Generation = YES;
				INFOPLIST_KEY_UIApplicationSupportsIndirectInputEvents = YES;
				INFOPLIST_KEY_UILaunchScreen_Generation = YES;
				INFOPLIST_KEY_UISupportedInterfaceOrientations_iPad = "UIInterfaceOrientationPortrait UIInterfaceOrientationPortraitUpsideDown UIInterfaceOrientationLandscapeLeft UIInterfaceOrientationLandscapeRight";
				INFOPLIST_KEY_UISupportedInterfaceOrientations_iPhone = "UIInterfaceOrientationPortrait UIInterfaceOrientationLandscapeLeft UIInterfaceOrientationLandscapeRight";
				LD_RUNPATH_SEARCH_PATHS = (
					"$(inherited)",
					"@executable_path/Frameworks",
				);
				MARKETING_VERSION = 1.0;
				PRODUCT_BUNDLE_IDENTIFIER = "onlyMe.Day-to-Days";
				PRODUCT_NAME = "$(TARGET_NAME)";
				SWIFT_EMIT_LOC_STRINGS = YES;
				SWIFT_VERSION = 5.0;
				TARGETED_DEVICE_FAMILY = "1,2";
			};
			name = Debug;
		};
		516CBE4F2C87247100202B93 /* Release */ = {
			isa = XCBuildConfiguration;
			buildSettings = {
				ALWAYS_EMBED_SWIFT_STANDARD_LIBRARIES = YES;
				ASSETCATALOG_COMPILER_APPICON_NAME = AppIcon;
				ASSETCATALOG_COMPILER_GLOBAL_ACCENT_COLOR_NAME = AccentColor;
				CODE_SIGN_ENTITLEMENTS = "Day to Days/Day to Days.entitlements";
				CODE_SIGN_STYLE = Automatic;
				CURRENT_PROJECT_VERSION = 1;
				DEVELOPMENT_ASSET_PATHS = "\"Day to Days/Preview Content\"";
				DEVELOPMENT_TEAM = WLC984U9MC;
				ENABLE_PREVIEWS = YES;
				GENERATE_INFOPLIST_FILE = YES;
				INFOPLIST_FILE = "Day-to-Days-Info.plist";
				INFOPLIST_KEY_CFBundleDisplayName = "Days counter";
				INFOPLIST_KEY_LSApplicationCategoryType = "public.app-category.utilities";
				INFOPLIST_KEY_UIApplicationSceneManifest_Generation = YES;
				INFOPLIST_KEY_UIApplicationSupportsIndirectInputEvents = YES;
				INFOPLIST_KEY_UILaunchScreen_Generation = YES;
				INFOPLIST_KEY_UISupportedInterfaceOrientations_iPad = "UIInterfaceOrientationPortrait UIInterfaceOrientationPortraitUpsideDown UIInterfaceOrientationLandscapeLeft UIInterfaceOrientationLandscapeRight";
				INFOPLIST_KEY_UISupportedInterfaceOrientations_iPhone = "UIInterfaceOrientationPortrait UIInterfaceOrientationLandscapeLeft UIInterfaceOrientationLandscapeRight";
				LD_RUNPATH_SEARCH_PATHS = (
					"$(inherited)",
					"@executable_path/Frameworks",
				);
				MARKETING_VERSION = 1.0;
				PRODUCT_BUNDLE_IDENTIFIER = "onlyMe.Day-to-Days";
				PRODUCT_NAME = "$(TARGET_NAME)";
				SWIFT_EMIT_LOC_STRINGS = YES;
				SWIFT_VERSION = 5.0;
				TARGETED_DEVICE_FAMILY = "1,2";
			};
			name = Release;
		};
		517724712C9D5C8A0037143A /* Debug */ = {
			isa = XCBuildConfiguration;
			buildSettings = {
				ASSETCATALOG_COMPILER_GLOBAL_ACCENT_COLOR_NAME = AccentColor;
				ASSETCATALOG_COMPILER_WIDGET_BACKGROUND_COLOR_NAME = WidgetBackground;
				CODE_SIGN_ENTITLEMENTS = CounterWidgetExtension.entitlements;
				CODE_SIGN_STYLE = Automatic;
				CURRENT_PROJECT_VERSION = 1;
				DEVELOPMENT_TEAM = WLC984U9MC;
				GENERATE_INFOPLIST_FILE = YES;
				INFOPLIST_FILE = CounterWidget/Info.plist;
				INFOPLIST_KEY_CFBundleDisplayName = CounterWidget;
				INFOPLIST_KEY_NSHumanReadableCopyright = "";
				LD_RUNPATH_SEARCH_PATHS = (
					"$(inherited)",
					"@executable_path/Frameworks",
					"@executable_path/../../Frameworks",
				);
				MARKETING_VERSION = 1.0;
				PRODUCT_BUNDLE_IDENTIFIER = "onlyMe.Day-to-Days.CounterWidget";
				PRODUCT_NAME = "$(TARGET_NAME)";
				SKIP_INSTALL = YES;
				SWIFT_EMIT_LOC_STRINGS = YES;
				SWIFT_VERSION = 5.0;
				TARGETED_DEVICE_FAMILY = "1,2";
			};
			name = Debug;
		};
		517724722C9D5C8A0037143A /* Release */ = {
			isa = XCBuildConfiguration;
			buildSettings = {
				ASSETCATALOG_COMPILER_GLOBAL_ACCENT_COLOR_NAME = AccentColor;
				ASSETCATALOG_COMPILER_WIDGET_BACKGROUND_COLOR_NAME = WidgetBackground;
				CODE_SIGN_ENTITLEMENTS = CounterWidgetExtension.entitlements;
				CODE_SIGN_STYLE = Automatic;
				CURRENT_PROJECT_VERSION = 1;
				DEVELOPMENT_TEAM = WLC984U9MC;
				GENERATE_INFOPLIST_FILE = YES;
				INFOPLIST_FILE = CounterWidget/Info.plist;
				INFOPLIST_KEY_CFBundleDisplayName = CounterWidget;
				INFOPLIST_KEY_NSHumanReadableCopyright = "";
				LD_RUNPATH_SEARCH_PATHS = (
					"$(inherited)",
					"@executable_path/Frameworks",
					"@executable_path/../../Frameworks",
				);
				MARKETING_VERSION = 1.0;
				PRODUCT_BUNDLE_IDENTIFIER = "onlyMe.Day-to-Days.CounterWidget";
				PRODUCT_NAME = "$(TARGET_NAME)";
				SKIP_INSTALL = YES;
				SWIFT_EMIT_LOC_STRINGS = YES;
				SWIFT_VERSION = 5.0;
				TARGETED_DEVICE_FAMILY = "1,2";
			};
			name = Release;
		};
/* End XCBuildConfiguration section */

/* Begin XCConfigurationList section */
		515617D62CAD98740024C5EC /* Build configuration list for PBXNativeTarget "SetEventItent" */ = {
			isa = XCConfigurationList;
			buildConfigurations = (
				515617D72CAD98740024C5EC /* Debug */,
				515617D82CAD98740024C5EC /* Release */,
			);
			defaultConfigurationIsVisible = 0;
			defaultConfigurationName = Release;
		};
		516CBE3A2C87247000202B93 /* Build configuration list for PBXProject "Day to Days" */ = {
			isa = XCConfigurationList;
			buildConfigurations = (
				516CBE4B2C87247100202B93 /* Debug */,
				516CBE4C2C87247100202B93 /* Release */,
			);
			defaultConfigurationIsVisible = 0;
			defaultConfigurationName = Release;
		};
		516CBE4D2C87247100202B93 /* Build configuration list for PBXNativeTarget "Day to Days" */ = {
			isa = XCConfigurationList;
			buildConfigurations = (
				516CBE4E2C87247100202B93 /* Debug */,
				516CBE4F2C87247100202B93 /* Release */,
			);
			defaultConfigurationIsVisible = 0;
			defaultConfigurationName = Release;
		};
		517724732C9D5C8A0037143A /* Build configuration list for PBXNativeTarget "CounterWidgetExtension" */ = {
			isa = XCConfigurationList;
			buildConfigurations = (
				517724712C9D5C8A0037143A /* Debug */,
				517724722C9D5C8A0037143A /* Release */,
			);
			defaultConfigurationIsVisible = 0;
			defaultConfigurationName = Release;
		};
/* End XCConfigurationList section */

/* Begin XCRemoteSwiftPackageReference section */
		5128E0B62CAACD9100F68CA2 /* XCRemoteSwiftPackageReference "realm-swift" */ = {
			isa = XCRemoteSwiftPackageReference;
			repositoryURL = "https://github.com/realm/realm-swift.git";
			requirement = {
				kind = upToNextMajorVersion;
				minimumVersion = 10.54.0;
			};
		};
		516CBE502C87254A00202B93 /* XCRemoteSwiftPackageReference "SwiftLintPlugins" */ = {
			isa = XCRemoteSwiftPackageReference;
			repositoryURL = "https://github.com/SimplyDanny/SwiftLintPlugins";
			requirement = {
				kind = upToNextMajorVersion;
				minimumVersion = 0.56.2;
			};
		};
/* End XCRemoteSwiftPackageReference section */

/* Begin XCSwiftPackageProductDependency section */
		5128E0B72CAACD9100F68CA2 /* RealmSwift */ = {
			isa = XCSwiftPackageProductDependency;
			package = 5128E0B62CAACD9100F68CA2 /* XCRemoteSwiftPackageReference "realm-swift" */;
			productName = RealmSwift;
		};
		516CBE512C87275900202B93 /* SwiftLintBuildToolPlugin */ = {
			isa = XCSwiftPackageProductDependency;
			package = 516CBE502C87254A00202B93 /* XCRemoteSwiftPackageReference "SwiftLintPlugins" */;
			productName = "plugin:SwiftLintBuildToolPlugin";
		};
		517282952C90CCCE00D09AC4 /* RealmSwift */ = {
			isa = XCSwiftPackageProductDependency;
			productName = RealmSwift;
		};
/* End XCSwiftPackageProductDependency section */
	};
	rootObject = 516CBE372C87247000202B93 /* Project object */;
}
