// !$*UTF8*$!
{
	archiveVersion = 1;
	classes = {
	};
	objectVersion = 56;
	objects = {

/* Begin PBXBuildFile section */
		5168C42B2C898095002CEAAC /* DateTypeSlider.swift in Sources */ = {isa = PBXBuildFile; fileRef = 5168C42A2C898095002CEAAC /* DateTypeSlider.swift */; };
		516CBE432C87247000202B93 /* DaytoDaysApp.swift in Sources */ = {isa = PBXBuildFile; fileRef = 516CBE422C87247000202B93 /* DaytoDaysApp.swift */; };
		516CBE452C87247000202B93 /* MainScreen.swift in Sources */ = {isa = PBXBuildFile; fileRef = 516CBE442C87247000202B93 /* MainScreen.swift */; };
		516CBE472C87247100202B93 /* Assets.xcassets in Resources */ = {isa = PBXBuildFile; fileRef = 516CBE462C87247100202B93 /* Assets.xcassets */; };
		516CBE4A2C87247100202B93 /* Preview Assets.xcassets in Resources */ = {isa = PBXBuildFile; fileRef = 516CBE492C87247100202B93 /* Preview Assets.xcassets */; };
		516CBE542C87296400202B93 /* Event.swift in Sources */ = {isa = PBXBuildFile; fileRef = 516CBE532C87296400202B93 /* Event.swift */; };
		516CBE572C872FAA00202B93 /* DateCalculator.swift in Sources */ = {isa = PBXBuildFile; fileRef = 516CBE562C872FAA00202B93 /* DateCalculator.swift */; };
		516CBE592C87339F00202B93 /* DataStore.swift in Sources */ = {isa = PBXBuildFile; fileRef = 516CBE582C87339F00202B93 /* DataStore.swift */; };
		516CBE5D2C87403600202B93 /* EventsItemView.swift in Sources */ = {isa = PBXBuildFile; fileRef = 516CBE5C2C87403600202B93 /* EventsItemView.swift */; };
		516F0C9C2C8D98920095A646 /* EventsListIsEmpyView.swift in Sources */ = {isa = PBXBuildFile; fileRef = 516F0C9B2C8D98920095A646 /* EventsListIsEmpyView.swift */; };
		516F0C9E2C8D9AF00095A646 /* EventsList.swift in Sources */ = {isa = PBXBuildFile; fileRef = 516F0C9D2C8D9AF00095A646 /* EventsList.swift */; };
		5178F4972C8AE74800DF45D4 /* Publishers+KeyboardIsActive.swift in Sources */ = {isa = PBXBuildFile; fileRef = 5178F4962C8AE74800DF45D4 /* Publishers+KeyboardIsActive.swift */; };
		5178F49A2C8AF85800DF45D4 /* EventInfoScreen.swift in Sources */ = {isa = PBXBuildFile; fileRef = 5178F4992C8AF85800DF45D4 /* EventInfoScreen.swift */; };
		5178F49C2C8B3F4300DF45D4 /* Color+Invert.swift in Sources */ = {isa = PBXBuildFile; fileRef = 5178F49B2C8B3F4300DF45D4 /* Color+Invert.swift */; };
		5178F49E2C8B40C700DF45D4 /* ColorCalculator.swift in Sources */ = {isa = PBXBuildFile; fileRef = 5178F49D2C8B40C700DF45D4 /* ColorCalculator.swift */; };
		5182890F2C883CC000676F0E /* AddOrEditEventSheet.swift in Sources */ = {isa = PBXBuildFile; fileRef = 5182890E2C883CC000676F0E /* AddOrEditEventSheet.swift */; };
		518289112C8849AB00676F0E /* View+HideKeyboard.swift in Sources */ = {isa = PBXBuildFile; fileRef = 518289102C8849AB00676F0E /* View+HideKeyboard.swift */; };
		519195012C8CA6AA00F29C1B /* NewAlert.swift in Sources */ = {isa = PBXBuildFile; fileRef = 519195002C8CA6AA00F29C1B /* NewAlert.swift */; };
/* End PBXBuildFile section */

/* Begin PBXFileReference section */
		5168C42A2C898095002CEAAC /* DateTypeSlider.swift */ = {isa = PBXFileReference; lastKnownFileType = sourcecode.swift; path = DateTypeSlider.swift; sourceTree = "<group>"; };
		516CBE3F2C87247000202B93 /* Day to Days.app */ = {isa = PBXFileReference; explicitFileType = wrapper.application; includeInIndex = 0; path = "Day to Days.app"; sourceTree = BUILT_PRODUCTS_DIR; };
		516CBE422C87247000202B93 /* DaytoDaysApp.swift */ = {isa = PBXFileReference; lastKnownFileType = sourcecode.swift; path = DaytoDaysApp.swift; sourceTree = "<group>"; };
		516CBE442C87247000202B93 /* MainScreen.swift */ = {isa = PBXFileReference; lastKnownFileType = sourcecode.swift; path = MainScreen.swift; sourceTree = "<group>"; };
		516CBE462C87247100202B93 /* Assets.xcassets */ = {isa = PBXFileReference; lastKnownFileType = folder.assetcatalog; path = Assets.xcassets; sourceTree = "<group>"; };
		516CBE492C87247100202B93 /* Preview Assets.xcassets */ = {isa = PBXFileReference; lastKnownFileType = folder.assetcatalog; path = "Preview Assets.xcassets"; sourceTree = "<group>"; };
		516CBE532C87296400202B93 /* Event.swift */ = {isa = PBXFileReference; lastKnownFileType = sourcecode.swift; path = Event.swift; sourceTree = "<group>"; };
		516CBE562C872FAA00202B93 /* DateCalculator.swift */ = {isa = PBXFileReference; lastKnownFileType = sourcecode.swift; path = DateCalculator.swift; sourceTree = "<group>"; };
		516CBE582C87339F00202B93 /* DataStore.swift */ = {isa = PBXFileReference; lastKnownFileType = sourcecode.swift; path = DataStore.swift; sourceTree = "<group>"; };
		516CBE5C2C87403600202B93 /* EventsItemView.swift */ = {isa = PBXFileReference; lastKnownFileType = sourcecode.swift; path = EventsItemView.swift; sourceTree = "<group>"; };
		516F0C9B2C8D98920095A646 /* EventsListIsEmpyView.swift */ = {isa = PBXFileReference; lastKnownFileType = sourcecode.swift; path = EventsListIsEmpyView.swift; sourceTree = "<group>"; };
		516F0C9D2C8D9AF00095A646 /* EventsList.swift */ = {isa = PBXFileReference; lastKnownFileType = sourcecode.swift; path = EventsList.swift; sourceTree = "<group>"; };
		5178F4962C8AE74800DF45D4 /* Publishers+KeyboardIsActive.swift */ = {isa = PBXFileReference; lastKnownFileType = sourcecode.swift; path = "Publishers+KeyboardIsActive.swift"; sourceTree = "<group>"; };
		5178F4992C8AF85800DF45D4 /* EventInfoScreen.swift */ = {isa = PBXFileReference; lastKnownFileType = sourcecode.swift; path = EventInfoScreen.swift; sourceTree = "<group>"; };
		5178F49B2C8B3F4300DF45D4 /* Color+Invert.swift */ = {isa = PBXFileReference; lastKnownFileType = sourcecode.swift; path = "Color+Invert.swift"; sourceTree = "<group>"; };
		5178F49D2C8B40C700DF45D4 /* ColorCalculator.swift */ = {isa = PBXFileReference; lastKnownFileType = sourcecode.swift; path = ColorCalculator.swift; sourceTree = "<group>"; };
		5182890E2C883CC000676F0E /* AddOrEditEventSheet.swift */ = {isa = PBXFileReference; lastKnownFileType = sourcecode.swift; path = AddOrEditEventSheet.swift; sourceTree = "<group>"; };
		518289102C8849AB00676F0E /* View+HideKeyboard.swift */ = {isa = PBXFileReference; lastKnownFileType = sourcecode.swift; path = "View+HideKeyboard.swift"; sourceTree = "<group>"; };
		519195002C8CA6AA00F29C1B /* NewAlert.swift */ = {isa = PBXFileReference; lastKnownFileType = sourcecode.swift; path = NewAlert.swift; sourceTree = "<group>"; };
/* End PBXFileReference section */

/* Begin PBXFrameworksBuildPhase section */
		516CBE3C2C87247000202B93 /* Frameworks */ = {
			isa = PBXFrameworksBuildPhase;
			buildActionMask = 2147483647;
			files = (
			);
			runOnlyForDeploymentPostprocessing = 0;
		};
/* End PBXFrameworksBuildPhase section */

/* Begin PBXGroup section */
		5168C4292C898037002CEAAC /* AddNewViews */ = {
			isa = PBXGroup;
			children = (
				5182890E2C883CC000676F0E /* AddOrEditEventSheet.swift */,
				5168C42A2C898095002CEAAC /* DateTypeSlider.swift */,
			);
			path = AddNewViews;
			sourceTree = "<group>";
		};
		5168C42C2C899024002CEAAC /* Main Screen */ = {
			isa = PBXGroup;
			children = (
				516CBE442C87247000202B93 /* MainScreen.swift */,
				516F0C9F2C8D9B710095A646 /* MainScreenViews */,
			);
			path = "Main Screen";
			sourceTree = "<group>";
		};
		516CBE362C87247000202B93 = {
			isa = PBXGroup;
			children = (
				516CBE412C87247000202B93 /* Day to Days */,
				516CBE402C87247000202B93 /* Products */,
			);
			sourceTree = "<group>";
		};
		516CBE402C87247000202B93 /* Products */ = {
			isa = PBXGroup;
			children = (
				516CBE3F2C87247000202B93 /* Day to Days.app */,
			);
			name = Products;
			sourceTree = "<group>";
		};
		516CBE412C87247000202B93 /* Day to Days */ = {
			isa = PBXGroup;
			children = (
				516CBE422C87247000202B93 /* DaytoDaysApp.swift */,
				516CBE552C87296E00202B93 /* Models */,
				516CBE5B2C8733E000202B93 /* Views */,
				516CBE5A2C8733D500202B93 /* ViewModel */,
				5178F4952C8AE70700DF45D4 /* Helpers */,
				516CBE462C87247100202B93 /* Assets.xcassets */,
				516CBE482C87247100202B93 /* Preview Content */,
			);
			path = "Day to Days";
			sourceTree = "<group>";
		};
		516CBE482C87247100202B93 /* Preview Content */ = {
			isa = PBXGroup;
			children = (
				516CBE492C87247100202B93 /* Preview Assets.xcassets */,
			);
			path = "Preview Content";
			sourceTree = "<group>";
		};
		516CBE552C87296E00202B93 /* Models */ = {
			isa = PBXGroup;
			children = (
				516CBE532C87296400202B93 /* Event.swift */,
			);
			path = Models;
			sourceTree = "<group>";
		};
		516CBE5A2C8733D500202B93 /* ViewModel */ = {
			isa = PBXGroup;
			children = (
				516CBE562C872FAA00202B93 /* DateCalculator.swift */,
				516CBE582C87339F00202B93 /* DataStore.swift */,
				5178F49D2C8B40C700DF45D4 /* ColorCalculator.swift */,
			);
			path = ViewModel;
			sourceTree = "<group>";
		};
		516CBE5B2C8733E000202B93 /* Views */ = {
			isa = PBXGroup;
			children = (
				5168C42C2C899024002CEAAC /* Main Screen */,
				5168C4292C898037002CEAAC /* AddNewViews */,
				5178F4982C8AF80F00DF45D4 /* EventInfoScreen */,
			);
			path = Views;
			sourceTree = "<group>";
		};
		516F0C9F2C8D9B710095A646 /* MainScreenViews */ = {
			isa = PBXGroup;
			children = (
				516F0C9D2C8D9AF00095A646 /* EventsList.swift */,
				516CBE5C2C87403600202B93 /* EventsItemView.swift */,
				516F0C9B2C8D98920095A646 /* EventsListIsEmpyView.swift */,
			);
			path = MainScreenViews;
			sourceTree = "<group>";
		};
		5178F4952C8AE70700DF45D4 /* Helpers */ = {
			isa = PBXGroup;
			children = (
				518289102C8849AB00676F0E /* View+HideKeyboard.swift */,
				519195002C8CA6AA00F29C1B /* NewAlert.swift */,
				5178F49B2C8B3F4300DF45D4 /* Color+Invert.swift */,
				5178F4962C8AE74800DF45D4 /* Publishers+KeyboardIsActive.swift */,
			);
			path = Helpers;
			sourceTree = "<group>";
		};
		5178F4982C8AF80F00DF45D4 /* EventInfoScreen */ = {
			isa = PBXGroup;
			children = (
				5178F4992C8AF85800DF45D4 /* EventInfoScreen.swift */,
			);
			path = EventInfoScreen;
			sourceTree = "<group>";
		};
/* End PBXGroup section */

/* Begin PBXNativeTarget section */
		516CBE3E2C87247000202B93 /* Day to Days */ = {
			isa = PBXNativeTarget;
			buildConfigurationList = 516CBE4D2C87247100202B93 /* Build configuration list for PBXNativeTarget "Day to Days" */;
			buildPhases = (
				516CBE3B2C87247000202B93 /* Sources */,
				516CBE3C2C87247000202B93 /* Frameworks */,
				516CBE3D2C87247000202B93 /* Resources */,
			);
			buildRules = (
			);
			dependencies = (
				516CBE522C87275900202B93 /* PBXTargetDependency */,
			);
			name = "Day to Days";
			productName = "Day to Days";
			productReference = 516CBE3F2C87247000202B93 /* Day to Days.app */;
			productType = "com.apple.product-type.application";
		};
/* End PBXNativeTarget section */

/* Begin PBXProject section */
		516CBE372C87247000202B93 /* Project object */ = {
			isa = PBXProject;
			attributes = {
				BuildIndependentTargetsInParallel = 1;
				LastSwiftUpdateCheck = 1540;
				LastUpgradeCheck = 1540;
				TargetAttributes = {
					516CBE3E2C87247000202B93 = {
						CreatedOnToolsVersion = 15.4;
					};
				};
			};
			buildConfigurationList = 516CBE3A2C87247000202B93 /* Build configuration list for PBXProject "Day to Days" */;
			compatibilityVersion = "Xcode 14.0";
			developmentRegion = en;
			hasScannedForEncodings = 0;
			knownRegions = (
				en,
				Base,
			);
			mainGroup = 516CBE362C87247000202B93;
			packageReferences = (
				516CBE502C87254A00202B93 /* XCRemoteSwiftPackageReference "SwiftLintPlugins" */,
			);
			productRefGroup = 516CBE402C87247000202B93 /* Products */;
			projectDirPath = "";
			projectRoot = "";
			targets = (
				516CBE3E2C87247000202B93 /* Day to Days */,
			);
		};
/* End PBXProject section */

/* Begin PBXResourcesBuildPhase section */
		516CBE3D2C87247000202B93 /* Resources */ = {
			isa = PBXResourcesBuildPhase;
			buildActionMask = 2147483647;
			files = (
				516CBE4A2C87247100202B93 /* Preview Assets.xcassets in Resources */,
				516CBE472C87247100202B93 /* Assets.xcassets in Resources */,
			);
			runOnlyForDeploymentPostprocessing = 0;
		};
/* End PBXResourcesBuildPhase section */

/* Begin PBXSourcesBuildPhase section */
		516CBE3B2C87247000202B93 /* Sources */ = {
			isa = PBXSourcesBuildPhase;
			buildActionMask = 2147483647;
			files = (
				516CBE452C87247000202B93 /* MainScreen.swift in Sources */,
				5178F49E2C8B40C700DF45D4 /* ColorCalculator.swift in Sources */,
				5182890F2C883CC000676F0E /* AddOrEditEventSheet.swift in Sources */,
				516CBE5D2C87403600202B93 /* EventsItemView.swift in Sources */,
				516F0C9C2C8D98920095A646 /* EventsListIsEmpyView.swift in Sources */,
				5168C42B2C898095002CEAAC /* DateTypeSlider.swift in Sources */,
				518289112C8849AB00676F0E /* View+HideKeyboard.swift in Sources */,
				516CBE432C87247000202B93 /* DaytoDaysApp.swift in Sources */,
				516CBE542C87296400202B93 /* Event.swift in Sources */,
				5178F49C2C8B3F4300DF45D4 /* Color+Invert.swift in Sources */,
				5178F4972C8AE74800DF45D4 /* Publishers+KeyboardIsActive.swift in Sources */,
				516CBE592C87339F00202B93 /* DataStore.swift in Sources */,
				516F0C9E2C8D9AF00095A646 /* EventsList.swift in Sources */,
				516CBE572C872FAA00202B93 /* DateCalculator.swift in Sources */,
				519195012C8CA6AA00F29C1B /* NewAlert.swift in Sources */,
				5178F49A2C8AF85800DF45D4 /* EventInfoScreen.swift in Sources */,
			);
			runOnlyForDeploymentPostprocessing = 0;
		};
/* End PBXSourcesBuildPhase section */

/* Begin PBXTargetDependency section */
		516CBE522C87275900202B93 /* PBXTargetDependency */ = {
			isa = PBXTargetDependency;
			productRef = 516CBE512C87275900202B93 /* SwiftLintBuildToolPlugin */;
		};
/* End PBXTargetDependency section */

/* Begin XCBuildConfiguration section */
		516CBE4B2C87247100202B93 /* Debug */ = {
			isa = XCBuildConfiguration;
			buildSettings = {
				ALWAYS_SEARCH_USER_PATHS = NO;
				ASSETCATALOG_COMPILER_GENERATE_SWIFT_ASSET_SYMBOL_EXTENSIONS = YES;
				CLANG_ANALYZER_NONNULL = YES;
				CLANG_ANALYZER_NUMBER_OBJECT_CONVERSION = YES_AGGRESSIVE;
				CLANG_CXX_LANGUAGE_STANDARD = "gnu++20";
				CLANG_ENABLE_MODULES = YES;
				CLANG_ENABLE_OBJC_ARC = YES;
				CLANG_ENABLE_OBJC_WEAK = YES;
				CLANG_WARN_BLOCK_CAPTURE_AUTORELEASING = YES;
				CLANG_WARN_BOOL_CONVERSION = YES;
				CLANG_WARN_COMMA = YES;
				CLANG_WARN_CONSTANT_CONVERSION = YES;
				CLANG_WARN_DEPRECATED_OBJC_IMPLEMENTATIONS = YES;
				CLANG_WARN_DIRECT_OBJC_ISA_USAGE = YES_ERROR;
				CLANG_WARN_DOCUMENTATION_COMMENTS = YES;
				CLANG_WARN_EMPTY_BODY = YES;
				CLANG_WARN_ENUM_CONVERSION = YES;
				CLANG_WARN_INFINITE_RECURSION = YES;
				CLANG_WARN_INT_CONVERSION = YES;
				CLANG_WARN_NON_LITERAL_NULL_CONVERSION = YES;
				CLANG_WARN_OBJC_IMPLICIT_RETAIN_SELF = YES;
				CLANG_WARN_OBJC_LITERAL_CONVERSION = YES;
				CLANG_WARN_OBJC_ROOT_CLASS = YES_ERROR;
				CLANG_WARN_QUOTED_INCLUDE_IN_FRAMEWORK_HEADER = YES;
				CLANG_WARN_RANGE_LOOP_ANALYSIS = YES;
				CLANG_WARN_STRICT_PROTOTYPES = YES;
				CLANG_WARN_SUSPICIOUS_MOVE = YES;
				CLANG_WARN_UNGUARDED_AVAILABILITY = YES_AGGRESSIVE;
				CLANG_WARN_UNREACHABLE_CODE = YES;
				CLANG_WARN__DUPLICATE_METHOD_MATCH = YES;
				COPY_PHASE_STRIP = NO;
				DEBUG_INFORMATION_FORMAT = dwarf;
				ENABLE_STRICT_OBJC_MSGSEND = YES;
				ENABLE_TESTABILITY = YES;
				ENABLE_USER_SCRIPT_SANDBOXING = YES;
				GCC_C_LANGUAGE_STANDARD = gnu17;
				GCC_DYNAMIC_NO_PIC = NO;
				GCC_NO_COMMON_BLOCKS = YES;
				GCC_OPTIMIZATION_LEVEL = 0;
				GCC_PREPROCESSOR_DEFINITIONS = (
					"DEBUG=1",
					"$(inherited)",
				);
				GCC_WARN_64_TO_32_BIT_CONVERSION = YES;
				GCC_WARN_ABOUT_RETURN_TYPE = YES_ERROR;
				GCC_WARN_UNDECLARED_SELECTOR = YES;
				GCC_WARN_UNINITIALIZED_AUTOS = YES_AGGRESSIVE;
				GCC_WARN_UNUSED_FUNCTION = YES;
				GCC_WARN_UNUSED_VARIABLE = YES;
				IPHONEOS_DEPLOYMENT_TARGET = 17.5;
				LOCALIZATION_PREFERS_STRING_CATALOGS = YES;
				MTL_ENABLE_DEBUG_INFO = INCLUDE_SOURCE;
				MTL_FAST_MATH = YES;
				ONLY_ACTIVE_ARCH = YES;
				SDKROOT = iphoneos;
				SWIFT_ACTIVE_COMPILATION_CONDITIONS = "DEBUG $(inherited)";
				SWIFT_OPTIMIZATION_LEVEL = "-Onone";
			};
			name = Debug;
		};
		516CBE4C2C87247100202B93 /* Release */ = {
			isa = XCBuildConfiguration;
			buildSettings = {
				ALWAYS_SEARCH_USER_PATHS = NO;
				ASSETCATALOG_COMPILER_GENERATE_SWIFT_ASSET_SYMBOL_EXTENSIONS = YES;
				CLANG_ANALYZER_NONNULL = YES;
				CLANG_ANALYZER_NUMBER_OBJECT_CONVERSION = YES_AGGRESSIVE;
				CLANG_CXX_LANGUAGE_STANDARD = "gnu++20";
				CLANG_ENABLE_MODULES = YES;
				CLANG_ENABLE_OBJC_ARC = YES;
				CLANG_ENABLE_OBJC_WEAK = YES;
				CLANG_WARN_BLOCK_CAPTURE_AUTORELEASING = YES;
				CLANG_WARN_BOOL_CONVERSION = YES;
				CLANG_WARN_COMMA = YES;
				CLANG_WARN_CONSTANT_CONVERSION = YES;
				CLANG_WARN_DEPRECATED_OBJC_IMPLEMENTATIONS = YES;
				CLANG_WARN_DIRECT_OBJC_ISA_USAGE = YES_ERROR;
				CLANG_WARN_DOCUMENTATION_COMMENTS = YES;
				CLANG_WARN_EMPTY_BODY = YES;
				CLANG_WARN_ENUM_CONVERSION = YES;
				CLANG_WARN_INFINITE_RECURSION = YES;
				CLANG_WARN_INT_CONVERSION = YES;
				CLANG_WARN_NON_LITERAL_NULL_CONVERSION = YES;
				CLANG_WARN_OBJC_IMPLICIT_RETAIN_SELF = YES;
				CLANG_WARN_OBJC_LITERAL_CONVERSION = YES;
				CLANG_WARN_OBJC_ROOT_CLASS = YES_ERROR;
				CLANG_WARN_QUOTED_INCLUDE_IN_FRAMEWORK_HEADER = YES;
				CLANG_WARN_RANGE_LOOP_ANALYSIS = YES;
				CLANG_WARN_STRICT_PROTOTYPES = YES;
				CLANG_WARN_SUSPICIOUS_MOVE = YES;
				CLANG_WARN_UNGUARDED_AVAILABILITY = YES_AGGRESSIVE;
				CLANG_WARN_UNREACHABLE_CODE = YES;
				CLANG_WARN__DUPLICATE_METHOD_MATCH = YES;
				COPY_PHASE_STRIP = NO;
				DEBUG_INFORMATION_FORMAT = "dwarf-with-dsym";
				ENABLE_NS_ASSERTIONS = NO;
				ENABLE_STRICT_OBJC_MSGSEND = YES;
				ENABLE_USER_SCRIPT_SANDBOXING = YES;
				GCC_C_LANGUAGE_STANDARD = gnu17;
				GCC_NO_COMMON_BLOCKS = YES;
				GCC_WARN_64_TO_32_BIT_CONVERSION = YES;
				GCC_WARN_ABOUT_RETURN_TYPE = YES_ERROR;
				GCC_WARN_UNDECLARED_SELECTOR = YES;
				GCC_WARN_UNINITIALIZED_AUTOS = YES_AGGRESSIVE;
				GCC_WARN_UNUSED_FUNCTION = YES;
				GCC_WARN_UNUSED_VARIABLE = YES;
				IPHONEOS_DEPLOYMENT_TARGET = 17.5;
				LOCALIZATION_PREFERS_STRING_CATALOGS = YES;
				MTL_ENABLE_DEBUG_INFO = NO;
				MTL_FAST_MATH = YES;
				SDKROOT = iphoneos;
				SWIFT_COMPILATION_MODE = wholemodule;
				VALIDATE_PRODUCT = YES;
			};
			name = Release;
		};
		516CBE4E2C87247100202B93 /* Debug */ = {
			isa = XCBuildConfiguration;
			buildSettings = {
				ASSETCATALOG_COMPILER_APPICON_NAME = AppIcon;
				ASSETCATALOG_COMPILER_GLOBAL_ACCENT_COLOR_NAME = AccentColor;
				CODE_SIGN_STYLE = Automatic;
				CURRENT_PROJECT_VERSION = 1;
				DEVELOPMENT_ASSET_PATHS = "\"Day to Days/Preview Content\"";
				ENABLE_PREVIEWS = YES;
				GENERATE_INFOPLIST_FILE = YES;
				INFOPLIST_KEY_UIApplicationSceneManifest_Generation = YES;
				INFOPLIST_KEY_UIApplicationSupportsIndirectInputEvents = YES;
				INFOPLIST_KEY_UILaunchScreen_Generation = YES;
				INFOPLIST_KEY_UISupportedInterfaceOrientations_iPad = "UIInterfaceOrientationPortrait UIInterfaceOrientationPortraitUpsideDown UIInterfaceOrientationLandscapeLeft UIInterfaceOrientationLandscapeRight";
				INFOPLIST_KEY_UISupportedInterfaceOrientations_iPhone = "UIInterfaceOrientationPortrait UIInterfaceOrientationLandscapeLeft UIInterfaceOrientationLandscapeRight";
				LD_RUNPATH_SEARCH_PATHS = (
					"$(inherited)",
					"@executable_path/Frameworks",
				);
				MARKETING_VERSION = 1.0;
				PRODUCT_BUNDLE_IDENTIFIER = "onlyMe.Day-to-Days";
				PRODUCT_NAME = "$(TARGET_NAME)";
				SWIFT_EMIT_LOC_STRINGS = YES;
				SWIFT_VERSION = 5.0;
				TARGETED_DEVICE_FAMILY = "1,2";
			};
			name = Debug;
		};
		516CBE4F2C87247100202B93 /* Release */ = {
			isa = XCBuildConfiguration;
			buildSettings = {
				ASSETCATALOG_COMPILER_APPICON_NAME = AppIcon;
				ASSETCATALOG_COMPILER_GLOBAL_ACCENT_COLOR_NAME = AccentColor;
				CODE_SIGN_STYLE = Automatic;
				CURRENT_PROJECT_VERSION = 1;
				DEVELOPMENT_ASSET_PATHS = "\"Day to Days/Preview Content\"";
				ENABLE_PREVIEWS = YES;
				GENERATE_INFOPLIST_FILE = YES;
				INFOPLIST_KEY_UIApplicationSceneManifest_Generation = YES;
				INFOPLIST_KEY_UIApplicationSupportsIndirectInputEvents = YES;
				INFOPLIST_KEY_UILaunchScreen_Generation = YES;
				INFOPLIST_KEY_UISupportedInterfaceOrientations_iPad = "UIInterfaceOrientationPortrait UIInterfaceOrientationPortraitUpsideDown UIInterfaceOrientationLandscapeLeft UIInterfaceOrientationLandscapeRight";
				INFOPLIST_KEY_UISupportedInterfaceOrientations_iPhone = "UIInterfaceOrientationPortrait UIInterfaceOrientationLandscapeLeft UIInterfaceOrientationLandscapeRight";
				LD_RUNPATH_SEARCH_PATHS = (
					"$(inherited)",
					"@executable_path/Frameworks",
				);
				MARKETING_VERSION = 1.0;
				PRODUCT_BUNDLE_IDENTIFIER = "onlyMe.Day-to-Days";
				PRODUCT_NAME = "$(TARGET_NAME)";
				SWIFT_EMIT_LOC_STRINGS = YES;
				SWIFT_VERSION = 5.0;
				TARGETED_DEVICE_FAMILY = "1,2";
			};
			name = Release;
		};
/* End XCBuildConfiguration section */

/* Begin XCConfigurationList section */
		516CBE3A2C87247000202B93 /* Build configuration list for PBXProject "Day to Days" */ = {
			isa = XCConfigurationList;
			buildConfigurations = (
				516CBE4B2C87247100202B93 /* Debug */,
				516CBE4C2C87247100202B93 /* Release */,
			);
			defaultConfigurationIsVisible = 0;
			defaultConfigurationName = Release;
		};
		516CBE4D2C87247100202B93 /* Build configuration list for PBXNativeTarget "Day to Days" */ = {
			isa = XCConfigurationList;
			buildConfigurations = (
				516CBE4E2C87247100202B93 /* Debug */,
				516CBE4F2C87247100202B93 /* Release */,
			);
			defaultConfigurationIsVisible = 0;
			defaultConfigurationName = Release;
		};
/* End XCConfigurationList section */

/* Begin XCRemoteSwiftPackageReference section */
		516CBE502C87254A00202B93 /* XCRemoteSwiftPackageReference "SwiftLintPlugins" */ = {
			isa = XCRemoteSwiftPackageReference;
			repositoryURL = "https://github.com/SimplyDanny/SwiftLintPlugins";
			requirement = {
				kind = upToNextMajorVersion;
				minimumVersion = 0.56.2;
			};
		};
/* End XCRemoteSwiftPackageReference section */

/* Begin XCSwiftPackageProductDependency section */
		516CBE512C87275900202B93 /* SwiftLintBuildToolPlugin */ = {
			isa = XCSwiftPackageProductDependency;
			package = 516CBE502C87254A00202B93 /* XCRemoteSwiftPackageReference "SwiftLintPlugins" */;
			productName = "plugin:SwiftLintBuildToolPlugin";
		};
/* End XCSwiftPackageProductDependency section */
	};
	rootObject = 516CBE372C87247000202B93 /* Project object */;
}
